
Microsoft Visual Studio Solution File, Format Version 12.00
# Visual Studio Version 16
VisualStudioVersion = 16.0.30011.22
MinimumVisualStudioVersion = 10.0.40219.1
Project("{9A19103F-16F7-4668-BE54-9A1E7A4F7556}") = "Struct", "Struct\Struct.csproj", "{AACD198A-0780-481A-A213-C04857FAE828}"
EndProject
Project("{9A19103F-16F7-4668-BE54-9A1E7A4F7556}") = "Dependencies", "Dependencies\Dependencies.csproj", "{8D9EA424-5A0C-4F33-8D49-545834FBA875}"
EndProject
Project("{9A19103F-16F7-4668-BE54-9A1E7A4F7556}") = "Array", "Array\Array.csproj", "{BFEB25FC-AB8B-404F-AF7B-4F4B6B9790BE}"
EndProject
Project("{9A19103F-16F7-4668-BE54-9A1E7A4F7556}") = "Array1", "Array1\Array1.csproj", "{7B0EFA6B-F9FB-4471-9B51-FD71D7E7EED5}"
EndProject
Project("{9A19103F-16F7-4668-BE54-9A1E7A4F7556}") = "ArrayEx1", "ArrayEx1\ArrayEx1.csproj", "{6D780595-3F65-4769-A0AE-3FB471297517}"
EndProject
Project("{9A19103F-16F7-4668-BE54-9A1E7A4F7556}") = "Sempoo", "Sempoo\Sempoo.csproj", "{B10DDD30-4DF5-4F0E-B395-9A862D469461}"
EndProject
Project("{2150E333-8FDC-42A3-9474-1A3956D46DE8}") = "1) Classe, atributos, métodos, membros estáticos", "1) Classe, atributos, métodos, membros estáticos", "{87E278C8-A0EC-47C2-839C-230331A2765C}"
EndProject
Project("{9A19103F-16F7-4668-BE54-9A1E7A4F7556}") = "Compoo", "Compoo\Compoo.csproj", "{EB6C4375-9E41-4AD3-B0D7-09A74AA6E60B}"
EndProject
Project("{9A19103F-16F7-4668-BE54-9A1E7A4F7556}") = "Ex1", "Ex1\Ex1.csproj", "{15286D0A-F787-4DAF-A053-A40CE87D73FE}"
EndProject
Project("{9A19103F-16F7-4668-BE54-9A1E7A4F7556}") = "Ex2", "Ex2\Ex2.csproj", "{D43B4EE6-8125-484C-A718-753C96C51418}"
EndProject
Project("{9A19103F-16F7-4668-BE54-9A1E7A4F7556}") = "ComMetodo", "ComMetodo\ComMetodo.csproj", "{44977A74-E365-4710-84F1-ABBA76B329B7}"
EndProject
Project("{9A19103F-16F7-4668-BE54-9A1E7A4F7556}") = "ProblemaExemplo", "ProblemaExemplo\ProblemaExemplo.csproj", "{4FD6D79E-5C89-4D0F-884F-C51ED96F69F2}"
EndProject
Project("{2150E333-8FDC-42A3-9474-1A3956D46DE8}") = "Exercícios", "Exercícios", "{CD849032-1F5B-45E6-BCAF-688B138EFA21}"
EndProject
Project("{9A19103F-16F7-4668-BE54-9A1E7A4F7556}") = "Ex3", "Ex3\Ex3.csproj", "{2D0BEC61-0EAC-4B5D-A49C-82D22CC4D11D}"
EndProject
Project("{9A19103F-16F7-4668-BE54-9A1E7A4F7556}") = "Ex4", "Ex4\Ex4.csproj", "{DB070BD1-E37A-4258-BD1C-D19D70F9BADC}"
EndProject
Project("{9A19103F-16F7-4668-BE54-9A1E7A4F7556}") = "Ex5", "Ex5\Ex5.csproj", "{EDA6CB0F-2C5A-48C3-8472-6F91DAAA24B9}"
EndProject
Project("{9A19103F-16F7-4668-BE54-9A1E7A4F7556}") = "Metodo", "Metodo\Metodo.csproj", "{65DF0B46-BA90-4CFD-A036-D2D570CE8E7E}"
EndProject
Project("{2150E333-8FDC-42A3-9474-1A3956D46DE8}") = "2) Construtores, this, sobrecarga, encapsulamento", "2) Construtores, this, sobrecarga, encapsulamento", "{E323435A-BE2C-4A1E-8F1C-A8FB47508358}"
EndProject
Project("{9A19103F-16F7-4668-BE54-9A1E7A4F7556}") = "Construtor", "Construtor\Construtor.csproj", "{EAFBCB19-F48A-43C0-815F-79461B6B9AD2}"
EndProject
Project("{9A19103F-16F7-4668-BE54-9A1E7A4F7556}") = "Encapsulamento", "Encapsulamento\Encapsulamento.csproj", "{30EFEE88-9660-47F0-A386-030D7C578712}"
EndProject
Project("{9A19103F-16F7-4668-BE54-9A1E7A4F7556}") = "Properties", "Properties\Properties.csproj", "{394CB199-AE4A-47EE-87E5-AA3824FFF9BF}"
EndProject
Project("{2150E333-8FDC-42A3-9474-1A3956D46DE8}") = "Exercício", "Exercício", "{1EF14495-BEE6-4378-8E98-EA0836DF8174}"
EndProject
Project("{9A19103F-16F7-4668-BE54-9A1E7A4F7556}") = "Ex6", "Ex6\Ex6.csproj", "{11004BF8-9880-47C8-922F-3193653160CF}"
EndProject
Project("{2150E333-8FDC-42A3-9474-1A3956D46DE8}") = "3) Comportamento de memória, Arrays, listas", "3) Comportamento de memória, Arrays, listas", "{7A94D527-F01E-4240-B5AC-990613F34620}"
EndProject
Project("{2150E333-8FDC-42A3-9474-1A3956D46DE8}") = "Exercícios", "Exercícios", "{D1FA6255-5D6C-4E71-9D6D-75302F94D874}"
EndProject
Project("{9A19103F-16F7-4668-BE54-9A1E7A4F7556}") = "Params", "Params\Params.csproj", "{B205CCA3-8C8E-4806-A4CD-37A4749EC0FC}"
EndProject
Project("{9A19103F-16F7-4668-BE54-9A1E7A4F7556}") = "Ref", "Ref\Ref.csproj", "{6C771197-9850-4926-806D-924614D945D7}"
EndProject
Project("{9A19103F-16F7-4668-BE54-9A1E7A4F7556}") = "Out", "Out\Out.csproj", "{DDC40F1D-7AB2-4F49-AB01-BF2A2F7DB10E}"
EndProject
Project("{9A19103F-16F7-4668-BE54-9A1E7A4F7556}") = "ForEach", "ForEach\ForEach.csproj", "{E89A952C-2BCD-4253-BEE4-F9BE1B203DAE}"
EndProject
Project("{9A19103F-16F7-4668-BE54-9A1E7A4F7556}") = "List", "LIst\List.csproj", "{258E27D6-7E87-4380-A88F-AAE9CAB59645}"
EndProject
Project("{9A19103F-16F7-4668-BE54-9A1E7A4F7556}") = "ExList", "ExList\ExList.csproj", "{D0F853B3-39DE-4994-B2FF-B7839BB39211}"
EndProject
Project("{9A19103F-16F7-4668-BE54-9A1E7A4F7556}") = "Matriz", "Matriz\Matriz.csproj", "{0C1443E2-DBEA-4062-876D-6458B87DF1C4}"
EndProject
Project("{9A19103F-16F7-4668-BE54-9A1E7A4F7556}") = "MatrizExemplo", "MatrizExemplo\MatrizExemplo.csproj", "{05FF0B99-E9BC-4E9F-9975-06337200A39E}"
EndProject
Project("{9A19103F-16F7-4668-BE54-9A1E7A4F7556}") = "Ex7", "Ex7\Ex7.csproj", "{730A9215-EF4E-41FD-B4F1-42CF2A063F65}"
EndProject
Project("{9A19103F-16F7-4668-BE54-9A1E7A4F7556}") = "Conjuntos", "Conjuntos\Conjuntos.csproj", "{BED73AE8-8613-4CFB-9345-509CBAD8FF7A}"
EndProject
Project("{2150E333-8FDC-42A3-9474-1A3956D46DE8}") = "Tópicos especiais Parte 1", "Tópicos especiais Parte 1", "{40EA8623-D417-4B59-B28C-DCC14EAEFA2C}"
EndProject
Project("{9A19103F-16F7-4668-BE54-9A1E7A4F7556}") = "PalavraVar", "PalavraVar\PalavraVar.csproj", "{DA91A522-CA15-42DC-8431-514A0A51658E}"
EndProject
Project("{9A19103F-16F7-4668-BE54-9A1E7A4F7556}") = "SwitchCase", "SwitchCase\SwitchCase.csproj", "{3D1EDA77-580E-43B1-822B-B7F366E951CE}"
EndProject
Project("{9A19103F-16F7-4668-BE54-9A1E7A4F7556}") = "CondiçãoTernaria", "CondiçãoTernaria\CondiçãoTernaria.csproj", "{463CF363-04CB-4BCB-938E-0D3E402F5B43}"
EndProject
Project("{9A19103F-16F7-4668-BE54-9A1E7A4F7556}") = "FuncaoParaString", "FuncaoParaString\FuncaoParaString.csproj", "{02117B8C-26E6-4DBD-B64F-33C8FC555D6A}"
EndProject
Project("{9A19103F-16F7-4668-BE54-9A1E7A4F7556}") = "Datetime", "DateTime\Datetime.csproj", "{308CE793-A1D1-4F63-968E-A2EA21FFFABC}"
EndProject
Project("{9A19103F-16F7-4668-BE54-9A1E7A4F7556}") = "Timespan", "Timespan\Timespan.csproj", "{09F772F1-BC26-448D-BF02-0140B8A7DCEE}"
EndProject
Project("{9A19103F-16F7-4668-BE54-9A1E7A4F7556}") = "Enumeracao", "Enumeracao\Enumeracao.csproj", "{8E49E678-CE25-40B7-BA73-FC3AF5565382}"
EndProject
Project("{2150E333-8FDC-42A3-9474-1A3956D46DE8}") = "Enumeracao e Composicao", "Enumeracao e Composicao", "{87ED8F9E-4B7D-4131-B7B5-7AB51C77FB3A}"
EndProject
Project("{9A19103F-16F7-4668-BE54-9A1E7A4F7556}") = "ExercicioResolvido", "ExercicioResolvido\ExercicioResolvido.csproj", "{F7BD83D5-4EA0-40FE-AB5A-41297DEA9941}"
EndProject
Project("{FAE04EC0-301F-11D3-BF4B-00C04F79EFBC}") = "ExercicioResolvido2", "ExercicioResolvido2\ExercicioResolvido2.csproj", "{215DCDC1-B65A-475F-AE87-FB493078E2AA}"
EndProject
Global
	GlobalSection(SolutionConfigurationPlatforms) = preSolution
		Debug|Any CPU = Debug|Any CPU
		Release|Any CPU = Release|Any CPU
	EndGlobalSection
	GlobalSection(ProjectConfigurationPlatforms) = postSolution
		{AACD198A-0780-481A-A213-C04857FAE828}.Debug|Any CPU.ActiveCfg = Debug|Any CPU
		{AACD198A-0780-481A-A213-C04857FAE828}.Debug|Any CPU.Build.0 = Debug|Any CPU
		{AACD198A-0780-481A-A213-C04857FAE828}.Release|Any CPU.ActiveCfg = Release|Any CPU
		{AACD198A-0780-481A-A213-C04857FAE828}.Release|Any CPU.Build.0 = Release|Any CPU
		{8D9EA424-5A0C-4F33-8D49-545834FBA875}.Debug|Any CPU.ActiveCfg = Debug|Any CPU
		{8D9EA424-5A0C-4F33-8D49-545834FBA875}.Debug|Any CPU.Build.0 = Debug|Any CPU
		{8D9EA424-5A0C-4F33-8D49-545834FBA875}.Release|Any CPU.ActiveCfg = Release|Any CPU
		{8D9EA424-5A0C-4F33-8D49-545834FBA875}.Release|Any CPU.Build.0 = Release|Any CPU
		{BFEB25FC-AB8B-404F-AF7B-4F4B6B9790BE}.Debug|Any CPU.ActiveCfg = Debug|Any CPU
		{BFEB25FC-AB8B-404F-AF7B-4F4B6B9790BE}.Debug|Any CPU.Build.0 = Debug|Any CPU
		{BFEB25FC-AB8B-404F-AF7B-4F4B6B9790BE}.Release|Any CPU.ActiveCfg = Release|Any CPU
		{BFEB25FC-AB8B-404F-AF7B-4F4B6B9790BE}.Release|Any CPU.Build.0 = Release|Any CPU
		{7B0EFA6B-F9FB-4471-9B51-FD71D7E7EED5}.Debug|Any CPU.ActiveCfg = Debug|Any CPU
		{7B0EFA6B-F9FB-4471-9B51-FD71D7E7EED5}.Debug|Any CPU.Build.0 = Debug|Any CPU
		{7B0EFA6B-F9FB-4471-9B51-FD71D7E7EED5}.Release|Any CPU.ActiveCfg = Release|Any CPU
		{7B0EFA6B-F9FB-4471-9B51-FD71D7E7EED5}.Release|Any CPU.Build.0 = Release|Any CPU
		{6D780595-3F65-4769-A0AE-3FB471297517}.Debug|Any CPU.ActiveCfg = Debug|Any CPU
		{6D780595-3F65-4769-A0AE-3FB471297517}.Debug|Any CPU.Build.0 = Debug|Any CPU
		{6D780595-3F65-4769-A0AE-3FB471297517}.Release|Any CPU.ActiveCfg = Release|Any CPU
		{6D780595-3F65-4769-A0AE-3FB471297517}.Release|Any CPU.Build.0 = Release|Any CPU
		{B10DDD30-4DF5-4F0E-B395-9A862D469461}.Debug|Any CPU.ActiveCfg = Debug|Any CPU
		{B10DDD30-4DF5-4F0E-B395-9A862D469461}.Debug|Any CPU.Build.0 = Debug|Any CPU
		{B10DDD30-4DF5-4F0E-B395-9A862D469461}.Release|Any CPU.ActiveCfg = Release|Any CPU
		{B10DDD30-4DF5-4F0E-B395-9A862D469461}.Release|Any CPU.Build.0 = Release|Any CPU
		{EB6C4375-9E41-4AD3-B0D7-09A74AA6E60B}.Debug|Any CPU.ActiveCfg = Debug|Any CPU
		{EB6C4375-9E41-4AD3-B0D7-09A74AA6E60B}.Debug|Any CPU.Build.0 = Debug|Any CPU
		{EB6C4375-9E41-4AD3-B0D7-09A74AA6E60B}.Release|Any CPU.ActiveCfg = Release|Any CPU
		{EB6C4375-9E41-4AD3-B0D7-09A74AA6E60B}.Release|Any CPU.Build.0 = Release|Any CPU
		{15286D0A-F787-4DAF-A053-A40CE87D73FE}.Debug|Any CPU.ActiveCfg = Debug|Any CPU
		{15286D0A-F787-4DAF-A053-A40CE87D73FE}.Debug|Any CPU.Build.0 = Debug|Any CPU
		{15286D0A-F787-4DAF-A053-A40CE87D73FE}.Release|Any CPU.ActiveCfg = Release|Any CPU
		{15286D0A-F787-4DAF-A053-A40CE87D73FE}.Release|Any CPU.Build.0 = Release|Any CPU
		{D43B4EE6-8125-484C-A718-753C96C51418}.Debug|Any CPU.ActiveCfg = Debug|Any CPU
		{D43B4EE6-8125-484C-A718-753C96C51418}.Debug|Any CPU.Build.0 = Debug|Any CPU
		{D43B4EE6-8125-484C-A718-753C96C51418}.Release|Any CPU.ActiveCfg = Release|Any CPU
		{D43B4EE6-8125-484C-A718-753C96C51418}.Release|Any CPU.Build.0 = Release|Any CPU
		{44977A74-E365-4710-84F1-ABBA76B329B7}.Debug|Any CPU.ActiveCfg = Debug|Any CPU
		{44977A74-E365-4710-84F1-ABBA76B329B7}.Debug|Any CPU.Build.0 = Debug|Any CPU
		{44977A74-E365-4710-84F1-ABBA76B329B7}.Release|Any CPU.ActiveCfg = Release|Any CPU
		{44977A74-E365-4710-84F1-ABBA76B329B7}.Release|Any CPU.Build.0 = Release|Any CPU
		{4FD6D79E-5C89-4D0F-884F-C51ED96F69F2}.Debug|Any CPU.ActiveCfg = Debug|Any CPU
		{4FD6D79E-5C89-4D0F-884F-C51ED96F69F2}.Debug|Any CPU.Build.0 = Debug|Any CPU
		{4FD6D79E-5C89-4D0F-884F-C51ED96F69F2}.Release|Any CPU.ActiveCfg = Release|Any CPU
		{4FD6D79E-5C89-4D0F-884F-C51ED96F69F2}.Release|Any CPU.Build.0 = Release|Any CPU
		{2D0BEC61-0EAC-4B5D-A49C-82D22CC4D11D}.Debug|Any CPU.ActiveCfg = Debug|Any CPU
		{2D0BEC61-0EAC-4B5D-A49C-82D22CC4D11D}.Debug|Any CPU.Build.0 = Debug|Any CPU
		{2D0BEC61-0EAC-4B5D-A49C-82D22CC4D11D}.Release|Any CPU.ActiveCfg = Release|Any CPU
		{2D0BEC61-0EAC-4B5D-A49C-82D22CC4D11D}.Release|Any CPU.Build.0 = Release|Any CPU
		{DB070BD1-E37A-4258-BD1C-D19D70F9BADC}.Debug|Any CPU.ActiveCfg = Debug|Any CPU
		{DB070BD1-E37A-4258-BD1C-D19D70F9BADC}.Debug|Any CPU.Build.0 = Debug|Any CPU
		{DB070BD1-E37A-4258-BD1C-D19D70F9BADC}.Release|Any CPU.ActiveCfg = Release|Any CPU
		{DB070BD1-E37A-4258-BD1C-D19D70F9BADC}.Release|Any CPU.Build.0 = Release|Any CPU
		{EDA6CB0F-2C5A-48C3-8472-6F91DAAA24B9}.Debug|Any CPU.ActiveCfg = Debug|Any CPU
		{EDA6CB0F-2C5A-48C3-8472-6F91DAAA24B9}.Debug|Any CPU.Build.0 = Debug|Any CPU
		{EDA6CB0F-2C5A-48C3-8472-6F91DAAA24B9}.Release|Any CPU.ActiveCfg = Release|Any CPU
		{EDA6CB0F-2C5A-48C3-8472-6F91DAAA24B9}.Release|Any CPU.Build.0 = Release|Any CPU
		{65DF0B46-BA90-4CFD-A036-D2D570CE8E7E}.Debug|Any CPU.ActiveCfg = Debug|Any CPU
		{65DF0B46-BA90-4CFD-A036-D2D570CE8E7E}.Debug|Any CPU.Build.0 = Debug|Any CPU
		{65DF0B46-BA90-4CFD-A036-D2D570CE8E7E}.Release|Any CPU.ActiveCfg = Release|Any CPU
		{65DF0B46-BA90-4CFD-A036-D2D570CE8E7E}.Release|Any CPU.Build.0 = Release|Any CPU
		{EAFBCB19-F48A-43C0-815F-79461B6B9AD2}.Debug|Any CPU.ActiveCfg = Debug|Any CPU
		{EAFBCB19-F48A-43C0-815F-79461B6B9AD2}.Debug|Any CPU.Build.0 = Debug|Any CPU
		{EAFBCB19-F48A-43C0-815F-79461B6B9AD2}.Release|Any CPU.ActiveCfg = Release|Any CPU
		{EAFBCB19-F48A-43C0-815F-79461B6B9AD2}.Release|Any CPU.Build.0 = Release|Any CPU
		{30EFEE88-9660-47F0-A386-030D7C578712}.Debug|Any CPU.ActiveCfg = Debug|Any CPU
		{30EFEE88-9660-47F0-A386-030D7C578712}.Debug|Any CPU.Build.0 = Debug|Any CPU
		{30EFEE88-9660-47F0-A386-030D7C578712}.Release|Any CPU.ActiveCfg = Release|Any CPU
		{30EFEE88-9660-47F0-A386-030D7C578712}.Release|Any CPU.Build.0 = Release|Any CPU
		{394CB199-AE4A-47EE-87E5-AA3824FFF9BF}.Debug|Any CPU.ActiveCfg = Debug|Any CPU
		{394CB199-AE4A-47EE-87E5-AA3824FFF9BF}.Debug|Any CPU.Build.0 = Debug|Any CPU
		{394CB199-AE4A-47EE-87E5-AA3824FFF9BF}.Release|Any CPU.ActiveCfg = Release|Any CPU
		{394CB199-AE4A-47EE-87E5-AA3824FFF9BF}.Release|Any CPU.Build.0 = Release|Any CPU
		{11004BF8-9880-47C8-922F-3193653160CF}.Debug|Any CPU.ActiveCfg = Debug|Any CPU
		{11004BF8-9880-47C8-922F-3193653160CF}.Debug|Any CPU.Build.0 = Debug|Any CPU
		{11004BF8-9880-47C8-922F-3193653160CF}.Release|Any CPU.ActiveCfg = Release|Any CPU
		{11004BF8-9880-47C8-922F-3193653160CF}.Release|Any CPU.Build.0 = Release|Any CPU
		{B205CCA3-8C8E-4806-A4CD-37A4749EC0FC}.Debug|Any CPU.ActiveCfg = Debug|Any CPU
		{B205CCA3-8C8E-4806-A4CD-37A4749EC0FC}.Debug|Any CPU.Build.0 = Debug|Any CPU
		{B205CCA3-8C8E-4806-A4CD-37A4749EC0FC}.Release|Any CPU.ActiveCfg = Release|Any CPU
		{B205CCA3-8C8E-4806-A4CD-37A4749EC0FC}.Release|Any CPU.Build.0 = Release|Any CPU
		{6C771197-9850-4926-806D-924614D945D7}.Debug|Any CPU.ActiveCfg = Debug|Any CPU
		{6C771197-9850-4926-806D-924614D945D7}.Debug|Any CPU.Build.0 = Debug|Any CPU
		{6C771197-9850-4926-806D-924614D945D7}.Release|Any CPU.ActiveCfg = Release|Any CPU
		{6C771197-9850-4926-806D-924614D945D7}.Release|Any CPU.Build.0 = Release|Any CPU
		{DDC40F1D-7AB2-4F49-AB01-BF2A2F7DB10E}.Debug|Any CPU.ActiveCfg = Debug|Any CPU
		{DDC40F1D-7AB2-4F49-AB01-BF2A2F7DB10E}.Debug|Any CPU.Build.0 = Debug|Any CPU
		{DDC40F1D-7AB2-4F49-AB01-BF2A2F7DB10E}.Release|Any CPU.ActiveCfg = Release|Any CPU
		{DDC40F1D-7AB2-4F49-AB01-BF2A2F7DB10E}.Release|Any CPU.Build.0 = Release|Any CPU
		{E89A952C-2BCD-4253-BEE4-F9BE1B203DAE}.Debug|Any CPU.ActiveCfg = Debug|Any CPU
		{E89A952C-2BCD-4253-BEE4-F9BE1B203DAE}.Debug|Any CPU.Build.0 = Debug|Any CPU
		{E89A952C-2BCD-4253-BEE4-F9BE1B203DAE}.Release|Any CPU.ActiveCfg = Release|Any CPU
		{E89A952C-2BCD-4253-BEE4-F9BE1B203DAE}.Release|Any CPU.Build.0 = Release|Any CPU
		{258E27D6-7E87-4380-A88F-AAE9CAB59645}.Debug|Any CPU.ActiveCfg = Debug|Any CPU
		{258E27D6-7E87-4380-A88F-AAE9CAB59645}.Debug|Any CPU.Build.0 = Debug|Any CPU
		{258E27D6-7E87-4380-A88F-AAE9CAB59645}.Release|Any CPU.ActiveCfg = Release|Any CPU
		{258E27D6-7E87-4380-A88F-AAE9CAB59645}.Release|Any CPU.Build.0 = Release|Any CPU
		{D0F853B3-39DE-4994-B2FF-B7839BB39211}.Debug|Any CPU.ActiveCfg = Debug|Any CPU
		{D0F853B3-39DE-4994-B2FF-B7839BB39211}.Debug|Any CPU.Build.0 = Debug|Any CPU
		{D0F853B3-39DE-4994-B2FF-B7839BB39211}.Release|Any CPU.ActiveCfg = Release|Any CPU
		{D0F853B3-39DE-4994-B2FF-B7839BB39211}.Release|Any CPU.Build.0 = Release|Any CPU
		{0C1443E2-DBEA-4062-876D-6458B87DF1C4}.Debug|Any CPU.ActiveCfg = Debug|Any CPU
		{0C1443E2-DBEA-4062-876D-6458B87DF1C4}.Debug|Any CPU.Build.0 = Debug|Any CPU
		{0C1443E2-DBEA-4062-876D-6458B87DF1C4}.Release|Any CPU.ActiveCfg = Release|Any CPU
		{0C1443E2-DBEA-4062-876D-6458B87DF1C4}.Release|Any CPU.Build.0 = Release|Any CPU
		{05FF0B99-E9BC-4E9F-9975-06337200A39E}.Debug|Any CPU.ActiveCfg = Debug|Any CPU
		{05FF0B99-E9BC-4E9F-9975-06337200A39E}.Debug|Any CPU.Build.0 = Debug|Any CPU
		{05FF0B99-E9BC-4E9F-9975-06337200A39E}.Release|Any CPU.ActiveCfg = Release|Any CPU
		{05FF0B99-E9BC-4E9F-9975-06337200A39E}.Release|Any CPU.Build.0 = Release|Any CPU
		{730A9215-EF4E-41FD-B4F1-42CF2A063F65}.Debug|Any CPU.ActiveCfg = Debug|Any CPU
		{730A9215-EF4E-41FD-B4F1-42CF2A063F65}.Debug|Any CPU.Build.0 = Debug|Any CPU
		{730A9215-EF4E-41FD-B4F1-42CF2A063F65}.Release|Any CPU.ActiveCfg = Release|Any CPU
		{730A9215-EF4E-41FD-B4F1-42CF2A063F65}.Release|Any CPU.Build.0 = Release|Any CPU
		{BED73AE8-8613-4CFB-9345-509CBAD8FF7A}.Debug|Any CPU.ActiveCfg = Debug|Any CPU
		{BED73AE8-8613-4CFB-9345-509CBAD8FF7A}.Debug|Any CPU.Build.0 = Debug|Any CPU
		{BED73AE8-8613-4CFB-9345-509CBAD8FF7A}.Release|Any CPU.ActiveCfg = Release|Any CPU
		{BED73AE8-8613-4CFB-9345-509CBAD8FF7A}.Release|Any CPU.Build.0 = Release|Any CPU
		{DA91A522-CA15-42DC-8431-514A0A51658E}.Debug|Any CPU.ActiveCfg = Debug|Any CPU
		{DA91A522-CA15-42DC-8431-514A0A51658E}.Debug|Any CPU.Build.0 = Debug|Any CPU
		{DA91A522-CA15-42DC-8431-514A0A51658E}.Release|Any CPU.ActiveCfg = Release|Any CPU
		{DA91A522-CA15-42DC-8431-514A0A51658E}.Release|Any CPU.Build.0 = Release|Any CPU
		{3D1EDA77-580E-43B1-822B-B7F366E951CE}.Debug|Any CPU.ActiveCfg = Debug|Any CPU
		{3D1EDA77-580E-43B1-822B-B7F366E951CE}.Debug|Any CPU.Build.0 = Debug|Any CPU
		{3D1EDA77-580E-43B1-822B-B7F366E951CE}.Release|Any CPU.ActiveCfg = Release|Any CPU
		{3D1EDA77-580E-43B1-822B-B7F366E951CE}.Release|Any CPU.Build.0 = Release|Any CPU
		{463CF363-04CB-4BCB-938E-0D3E402F5B43}.Debug|Any CPU.ActiveCfg = Debug|Any CPU
		{463CF363-04CB-4BCB-938E-0D3E402F5B43}.Debug|Any CPU.Build.0 = Debug|Any CPU
		{463CF363-04CB-4BCB-938E-0D3E402F5B43}.Release|Any CPU.ActiveCfg = Release|Any CPU
		{463CF363-04CB-4BCB-938E-0D3E402F5B43}.Release|Any CPU.Build.0 = Release|Any CPU
		{02117B8C-26E6-4DBD-B64F-33C8FC555D6A}.Debug|Any CPU.ActiveCfg = Debug|Any CPU
		{02117B8C-26E6-4DBD-B64F-33C8FC555D6A}.Debug|Any CPU.Build.0 = Debug|Any CPU
		{02117B8C-26E6-4DBD-B64F-33C8FC555D6A}.Release|Any CPU.ActiveCfg = Release|Any CPU
		{02117B8C-26E6-4DBD-B64F-33C8FC555D6A}.Release|Any CPU.Build.0 = Release|Any CPU
		{308CE793-A1D1-4F63-968E-A2EA21FFFABC}.Debug|Any CPU.ActiveCfg = Debug|Any CPU
		{308CE793-A1D1-4F63-968E-A2EA21FFFABC}.Debug|Any CPU.Build.0 = Debug|Any CPU
		{308CE793-A1D1-4F63-968E-A2EA21FFFABC}.Release|Any CPU.ActiveCfg = Release|Any CPU
		{308CE793-A1D1-4F63-968E-A2EA21FFFABC}.Release|Any CPU.Build.0 = Release|Any CPU
		{09F772F1-BC26-448D-BF02-0140B8A7DCEE}.Debug|Any CPU.ActiveCfg = Debug|Any CPU
		{09F772F1-BC26-448D-BF02-0140B8A7DCEE}.Debug|Any CPU.Build.0 = Debug|Any CPU
		{09F772F1-BC26-448D-BF02-0140B8A7DCEE}.Release|Any CPU.ActiveCfg = Release|Any CPU
		{09F772F1-BC26-448D-BF02-0140B8A7DCEE}.Release|Any CPU.Build.0 = Release|Any CPU
		{8E49E678-CE25-40B7-BA73-FC3AF5565382}.Debug|Any CPU.ActiveCfg = Debug|Any CPU
		{8E49E678-CE25-40B7-BA73-FC3AF5565382}.Debug|Any CPU.Build.0 = Debug|Any CPU
		{8E49E678-CE25-40B7-BA73-FC3AF5565382}.Release|Any CPU.ActiveCfg = Release|Any CPU
		{8E49E678-CE25-40B7-BA73-FC3AF5565382}.Release|Any CPU.Build.0 = Release|Any CPU
		{F7BD83D5-4EA0-40FE-AB5A-41297DEA9941}.Debug|Any CPU.ActiveCfg = Debug|Any CPU
		{F7BD83D5-4EA0-40FE-AB5A-41297DEA9941}.Debug|Any CPU.Build.0 = Debug|Any CPU
		{F7BD83D5-4EA0-40FE-AB5A-41297DEA9941}.Release|Any CPU.ActiveCfg = Release|Any CPU
		{F7BD83D5-4EA0-40FE-AB5A-41297DEA9941}.Release|Any CPU.Build.0 = Release|Any CPU
		{215DCDC1-B65A-475F-AE87-FB493078E2AA}.Debug|Any CPU.ActiveCfg = Debug|Any CPU
		{215DCDC1-B65A-475F-AE87-FB493078E2AA}.Debug|Any CPU.Build.0 = Debug|Any CPU
		{215DCDC1-B65A-475F-AE87-FB493078E2AA}.Release|Any CPU.ActiveCfg = Release|Any CPU
		{215DCDC1-B65A-475F-AE87-FB493078E2AA}.Release|Any CPU.Build.0 = Release|Any CPU
	EndGlobalSection
	GlobalSection(SolutionProperties) = preSolution
		HideSolutionNode = FALSE
	EndGlobalSection
	GlobalSection(NestedProjects) = preSolution
		{AACD198A-0780-481A-A213-C04857FAE828} = {7A94D527-F01E-4240-B5AC-990613F34620}
		{8D9EA424-5A0C-4F33-8D49-545834FBA875} = {7A94D527-F01E-4240-B5AC-990613F34620}
		{BFEB25FC-AB8B-404F-AF7B-4F4B6B9790BE} = {7A94D527-F01E-4240-B5AC-990613F34620}
		{7B0EFA6B-F9FB-4471-9B51-FD71D7E7EED5} = {7A94D527-F01E-4240-B5AC-990613F34620}
		{6D780595-3F65-4769-A0AE-3FB471297517} = {D1FA6255-5D6C-4E71-9D6D-75302F94D874}
		{B10DDD30-4DF5-4F0E-B395-9A862D469461} = {87E278C8-A0EC-47C2-839C-230331A2765C}
		{EB6C4375-9E41-4AD3-B0D7-09A74AA6E60B} = {87E278C8-A0EC-47C2-839C-230331A2765C}
		{15286D0A-F787-4DAF-A053-A40CE87D73FE} = {CD849032-1F5B-45E6-BCAF-688B138EFA21}
		{D43B4EE6-8125-484C-A718-753C96C51418} = {CD849032-1F5B-45E6-BCAF-688B138EFA21}
		{44977A74-E365-4710-84F1-ABBA76B329B7} = {87E278C8-A0EC-47C2-839C-230331A2765C}
		{4FD6D79E-5C89-4D0F-884F-C51ED96F69F2} = {87E278C8-A0EC-47C2-839C-230331A2765C}
		{CD849032-1F5B-45E6-BCAF-688B138EFA21} = {87E278C8-A0EC-47C2-839C-230331A2765C}
		{2D0BEC61-0EAC-4B5D-A49C-82D22CC4D11D} = {CD849032-1F5B-45E6-BCAF-688B138EFA21}
		{DB070BD1-E37A-4258-BD1C-D19D70F9BADC} = {CD849032-1F5B-45E6-BCAF-688B138EFA21}
		{EDA6CB0F-2C5A-48C3-8472-6F91DAAA24B9} = {CD849032-1F5B-45E6-BCAF-688B138EFA21}
		{65DF0B46-BA90-4CFD-A036-D2D570CE8E7E} = {87E278C8-A0EC-47C2-839C-230331A2765C}
		{EAFBCB19-F48A-43C0-815F-79461B6B9AD2} = {E323435A-BE2C-4A1E-8F1C-A8FB47508358}
		{30EFEE88-9660-47F0-A386-030D7C578712} = {E323435A-BE2C-4A1E-8F1C-A8FB47508358}
		{394CB199-AE4A-47EE-87E5-AA3824FFF9BF} = {E323435A-BE2C-4A1E-8F1C-A8FB47508358}
		{1EF14495-BEE6-4378-8E98-EA0836DF8174} = {E323435A-BE2C-4A1E-8F1C-A8FB47508358}
		{11004BF8-9880-47C8-922F-3193653160CF} = {1EF14495-BEE6-4378-8E98-EA0836DF8174}
		{D1FA6255-5D6C-4E71-9D6D-75302F94D874} = {7A94D527-F01E-4240-B5AC-990613F34620}
		{B205CCA3-8C8E-4806-A4CD-37A4749EC0FC} = {7A94D527-F01E-4240-B5AC-990613F34620}
		{6C771197-9850-4926-806D-924614D945D7} = {7A94D527-F01E-4240-B5AC-990613F34620}
		{DDC40F1D-7AB2-4F49-AB01-BF2A2F7DB10E} = {7A94D527-F01E-4240-B5AC-990613F34620}
		{E89A952C-2BCD-4253-BEE4-F9BE1B203DAE} = {7A94D527-F01E-4240-B5AC-990613F34620}
		{258E27D6-7E87-4380-A88F-AAE9CAB59645} = {7A94D527-F01E-4240-B5AC-990613F34620}
		{D0F853B3-39DE-4994-B2FF-B7839BB39211} = {D1FA6255-5D6C-4E71-9D6D-75302F94D874}
		{0C1443E2-DBEA-4062-876D-6458B87DF1C4} = {7A94D527-F01E-4240-B5AC-990613F34620}
		{05FF0B99-E9BC-4E9F-9975-06337200A39E} = {7A94D527-F01E-4240-B5AC-990613F34620}
		{730A9215-EF4E-41FD-B4F1-42CF2A063F65} = {D1FA6255-5D6C-4E71-9D6D-75302F94D874}
		{BED73AE8-8613-4CFB-9345-509CBAD8FF7A} = {7A94D527-F01E-4240-B5AC-990613F34620}
		{DA91A522-CA15-42DC-8431-514A0A51658E} = {40EA8623-D417-4B59-B28C-DCC14EAEFA2C}
		{3D1EDA77-580E-43B1-822B-B7F366E951CE} = {40EA8623-D417-4B59-B28C-DCC14EAEFA2C}
		{463CF363-04CB-4BCB-938E-0D3E402F5B43} = {40EA8623-D417-4B59-B28C-DCC14EAEFA2C}
		{02117B8C-26E6-4DBD-B64F-33C8FC555D6A} = {40EA8623-D417-4B59-B28C-DCC14EAEFA2C}
		{308CE793-A1D1-4F63-968E-A2EA21FFFABC} = {40EA8623-D417-4B59-B28C-DCC14EAEFA2C}
		{09F772F1-BC26-448D-BF02-0140B8A7DCEE} = {40EA8623-D417-4B59-B28C-DCC14EAEFA2C}
		{8E49E678-CE25-40B7-BA73-FC3AF5565382} = {87ED8F9E-4B7D-4131-B7B5-7AB51C77FB3A}
		{F7BD83D5-4EA0-40FE-AB5A-41297DEA9941} = {87ED8F9E-4B7D-4131-B7B5-7AB51C77FB3A}
		{215DCDC1-B65A-475F-AE87-FB493078E2AA} = {87ED8F9E-4B7D-4131-B7B5-7AB51C77FB3A}
	EndGlobalSection
	GlobalSection(ExtensibilityGlobals) = postSolution
		SolutionGuid = {475CEA6A-83C4-4583-A28A-A787C39CC1E0}
	EndGlobalSection
EndGlobal
