
Microsoft Visual Studio Solution File, Format Version 12.00
# Visual Studio Version 16
VisualStudioVersion = 16.0.30011.22
MinimumVisualStudioVersion = 10.0.40219.1
Project("{9A19103F-16F7-4668-BE54-9A1E7A4F7556}") = "Struct", "Struct\Struct.csproj", "{AACD198A-0780-481A-A213-C04857FAE828}"
EndProject
Project("{9A19103F-16F7-4668-BE54-9A1E7A4F7556}") = "Dependencies", "Dependencies\Dependencies.csproj", "{8D9EA424-5A0C-4F33-8D49-545834FBA875}"
EndProject
Project("{9A19103F-16F7-4668-BE54-9A1E7A4F7556}") = "Array", "Array\Array.csproj", "{BFEB25FC-AB8B-404F-AF7B-4F4B6B9790BE}"
EndProject
Project("{9A19103F-16F7-4668-BE54-9A1E7A4F7556}") = "Array1", "Array1\Array1.csproj", "{7B0EFA6B-F9FB-4471-9B51-FD71D7E7EED5}"
EndProject
Project("{9A19103F-16F7-4668-BE54-9A1E7A4F7556}") = "ArrayEx1", "ArrayEx1\ArrayEx1.csproj", "{6D780595-3F65-4769-A0AE-3FB471297517}"
EndProject
Project("{9A19103F-16F7-4668-BE54-9A1E7A4F7556}") = "Sempoo", "Sempoo\Sempoo.csproj", "{B10DDD30-4DF5-4F0E-B395-9A862D469461}"
EndProject
Project("{2150E333-8FDC-42A3-9474-1A3956D46DE8}") = "1) Classe, atributos, métodos, membros estáticos", "1) Classe, atributos, métodos, membros estáticos", "{87E278C8-A0EC-47C2-839C-230331A2765C}"
EndProject
Project("{9A19103F-16F7-4668-BE54-9A1E7A4F7556}") = "Compoo", "Compoo\Compoo.csproj", "{EB6C4375-9E41-4AD3-B0D7-09A74AA6E60B}"
EndProject
Project("{9A19103F-16F7-4668-BE54-9A1E7A4F7556}") = "Ex1", "Ex1\Ex1.csproj", "{15286D0A-F787-4DAF-A053-A40CE87D73FE}"
EndProject
Project("{9A19103F-16F7-4668-BE54-9A1E7A4F7556}") = "Ex2", "Ex2\Ex2.csproj", "{D43B4EE6-8125-484C-A718-753C96C51418}"
EndProject
Project("{9A19103F-16F7-4668-BE54-9A1E7A4F7556}") = "ComMetodo", "ComMetodo\ComMetodo.csproj", "{44977A74-E365-4710-84F1-ABBA76B329B7}"
EndProject
Project("{9A19103F-16F7-4668-BE54-9A1E7A4F7556}") = "ProblemaExemplo", "ProblemaExemplo\ProblemaExemplo.csproj", "{4FD6D79E-5C89-4D0F-884F-C51ED96F69F2}"
EndProject
Project("{2150E333-8FDC-42A3-9474-1A3956D46DE8}") = "Exercícios", "Exercícios", "{CD849032-1F5B-45E6-BCAF-688B138EFA21}"
EndProject
Project("{9A19103F-16F7-4668-BE54-9A1E7A4F7556}") = "Ex3", "Ex3\Ex3.csproj", "{2D0BEC61-0EAC-4B5D-A49C-82D22CC4D11D}"
EndProject
Project("{9A19103F-16F7-4668-BE54-9A1E7A4F7556}") = "Ex4", "Ex4\Ex4.csproj", "{DB070BD1-E37A-4258-BD1C-D19D70F9BADC}"
EndProject
Project("{9A19103F-16F7-4668-BE54-9A1E7A4F7556}") = "Ex5", "Ex5\Ex5.csproj", "{EDA6CB0F-2C5A-48C3-8472-6F91DAAA24B9}"
EndProject
Project("{9A19103F-16F7-4668-BE54-9A1E7A4F7556}") = "Metodo", "Metodo\Metodo.csproj", "{65DF0B46-BA90-4CFD-A036-D2D570CE8E7E}"
EndProject
Project("{2150E333-8FDC-42A3-9474-1A3956D46DE8}") = "2) Construtores, this, sobrecarga, encapsulamento", "2) Construtores, this, sobrecarga, encapsulamento", "{E323435A-BE2C-4A1E-8F1C-A8FB47508358}"
EndProject
Project("{9A19103F-16F7-4668-BE54-9A1E7A4F7556}") = "Construtor", "Construtor\Construtor.csproj", "{EAFBCB19-F48A-43C0-815F-79461B6B9AD2}"
EndProject
Project("{9A19103F-16F7-4668-BE54-9A1E7A4F7556}") = "Encapsulamento", "Encapsulamento\Encapsulamento.csproj", "{30EFEE88-9660-47F0-A386-030D7C578712}"
EndProject
Project("{9A19103F-16F7-4668-BE54-9A1E7A4F7556}") = "Properties", "Properties\Properties.csproj", "{394CB199-AE4A-47EE-87E5-AA3824FFF9BF}"
EndProject
Project("{2150E333-8FDC-42A3-9474-1A3956D46DE8}") = "Exercício", "Exercício", "{1EF14495-BEE6-4378-8E98-EA0836DF8174}"
EndProject
Project("{9A19103F-16F7-4668-BE54-9A1E7A4F7556}") = "Ex6", "Ex6\Ex6.csproj", "{11004BF8-9880-47C8-922F-3193653160CF}"
EndProject
Project("{2150E333-8FDC-42A3-9474-1A3956D46DE8}") = "3) Comportamento de memória, Arrays, listas", "3) Comportamento de memória, Arrays, listas", "{7A94D527-F01E-4240-B5AC-990613F34620}"
EndProject
Project("{2150E333-8FDC-42A3-9474-1A3956D46DE8}") = "Exercícios", "Exercícios", "{D1FA6255-5D6C-4E71-9D6D-75302F94D874}"
EndProject
Project("{9A19103F-16F7-4668-BE54-9A1E7A4F7556}") = "Params", "Params\Params.csproj", "{B205CCA3-8C8E-4806-A4CD-37A4749EC0FC}"
EndProject
Project("{9A19103F-16F7-4668-BE54-9A1E7A4F7556}") = "Ref", "Ref\Ref.csproj", "{6C771197-9850-4926-806D-924614D945D7}"
EndProject
Project("{9A19103F-16F7-4668-BE54-9A1E7A4F7556}") = "Out", "Out\Out.csproj", "{DDC40F1D-7AB2-4F49-AB01-BF2A2F7DB10E}"
EndProject
Project("{9A19103F-16F7-4668-BE54-9A1E7A4F7556}") = "ForEach", "ForEach\ForEach.csproj", "{E89A952C-2BCD-4253-BEE4-F9BE1B203DAE}"
EndProject
Project("{9A19103F-16F7-4668-BE54-9A1E7A4F7556}") = "List", "LIst\List.csproj", "{258E27D6-7E87-4380-A88F-AAE9CAB59645}"
EndProject
Project("{9A19103F-16F7-4668-BE54-9A1E7A4F7556}") = "ExList", "ExList\ExList.csproj", "{D0F853B3-39DE-4994-B2FF-B7839BB39211}"
EndProject
Project("{9A19103F-16F7-4668-BE54-9A1E7A4F7556}") = "Matriz", "Matriz\Matriz.csproj", "{0C1443E2-DBEA-4062-876D-6458B87DF1C4}"
EndProject
Project("{9A19103F-16F7-4668-BE54-9A1E7A4F7556}") = "MatrizExemplo", "MatrizExemplo\MatrizExemplo.csproj", "{05FF0B99-E9BC-4E9F-9975-06337200A39E}"
EndProject
Project("{9A19103F-16F7-4668-BE54-9A1E7A4F7556}") = "Ex7", "Ex7\Ex7.csproj", "{730A9215-EF4E-41FD-B4F1-42CF2A063F65}"
EndProject
Project("{9A19103F-16F7-4668-BE54-9A1E7A4F7556}") = "Conjuntos", "Conjuntos\Conjuntos.csproj", "{BED73AE8-8613-4CFB-9345-509CBAD8FF7A}"
EndProject
Project("{2150E333-8FDC-42A3-9474-1A3956D46DE8}") = "Tópicos especiais Parte 1", "Tópicos especiais Parte 1", "{40EA8623-D417-4B59-B28C-DCC14EAEFA2C}"
EndProject
Project("{9A19103F-16F7-4668-BE54-9A1E7A4F7556}") = "PalavraVar", "PalavraVar\PalavraVar.csproj", "{DA91A522-CA15-42DC-8431-514A0A51658E}"
EndProject
Project("{9A19103F-16F7-4668-BE54-9A1E7A4F7556}") = "SwitchCase", "SwitchCase\SwitchCase.csproj", "{3D1EDA77-580E-43B1-822B-B7F366E951CE}"
EndProject
Project("{9A19103F-16F7-4668-BE54-9A1E7A4F7556}") = "CondiçãoTernaria", "CondiçãoTernaria\CondiçãoTernaria.csproj", "{463CF363-04CB-4BCB-938E-0D3E402F5B43}"
EndProject
Project("{9A19103F-16F7-4668-BE54-9A1E7A4F7556}") = "FuncaoParaString", "FuncaoParaString\FuncaoParaString.csproj", "{02117B8C-26E6-4DBD-B64F-33C8FC555D6A}"
EndProject
Project("{9A19103F-16F7-4668-BE54-9A1E7A4F7556}") = "Datetime", "DateTime\Datetime.csproj", "{308CE793-A1D1-4F63-968E-A2EA21FFFABC}"
EndProject
Project("{9A19103F-16F7-4668-BE54-9A1E7A4F7556}") = "Timespan", "Timespan\Timespan.csproj", "{09F772F1-BC26-448D-BF02-0140B8A7DCEE}"
EndProject
Project("{9A19103F-16F7-4668-BE54-9A1E7A4F7556}") = "Enumeracao", "Enumeracao\Enumeracao.csproj", "{8E49E678-CE25-40B7-BA73-FC3AF5565382}"
EndProject
Project("{2150E333-8FDC-42A3-9474-1A3956D46DE8}") = "4) Enumeracao e Composicao", "4) Enumeracao e Composicao", "{87ED8F9E-4B7D-4131-B7B5-7AB51C77FB3A}"
EndProject
Project("{9A19103F-16F7-4668-BE54-9A1E7A4F7556}") = "ExercicioResolvido", "ExercicioResolvido\ExercicioResolvido.csproj", "{F7BD83D5-4EA0-40FE-AB5A-41297DEA9941}"
EndProject
Project("{9A19103F-16F7-4668-BE54-9A1E7A4F7556}") = "ExercicioResolvido2", "ExercicioResolvido2\ExercicioResolvido2.csproj", "{215DCDC1-B65A-475F-AE87-FB493078E2AA}"
EndProject
Project("{2150E333-8FDC-42A3-9474-1A3956D46DE8}") = "5) Herança e Polimofismo", "5) Herança e Polimofismo", "{3887ECA8-1487-44CB-97DA-D0AAAD4C4187}"
EndProject
Project("{9A19103F-16F7-4668-BE54-9A1E7A4F7556}") = "Heranca", "Heranca\Heranca.csproj", "{85050D66-4ECE-41FA-8356-5D5BF5C3ED04}"
EndProject
Project("{9A19103F-16F7-4668-BE54-9A1E7A4F7556}") = "UpCasting", "UpCasting\UpCasting.csproj", "{4E3ACEEC-D460-47D2-B4F0-73C82F223198}"
EndProject
Project("{9A19103F-16F7-4668-BE54-9A1E7A4F7556}") = "Sobreposicao", "Sobreposicao\Sobreposicao.csproj", "{848CFDA9-B072-46F3-A4FB-553B571BE219}"
EndProject
Project("{9A19103F-16F7-4668-BE54-9A1E7A4F7556}") = "Polimorfismo", "Polimorfismo\Polimorfismo.csproj", "{7B483D2C-3AE0-4F0D-B741-A270170BB3AF}"
EndProject
Project("{2150E333-8FDC-42A3-9474-1A3956D46DE8}") = "Exercício", "Exercício", "{3CA68F3D-68B5-42A3-99C5-89DD97F7EB42}"
EndProject
Project("{9A19103F-16F7-4668-BE54-9A1E7A4F7556}") = "Exercicio8", "Exercicio8\Exercicio8.csproj", "{CB76799C-345B-473B-80C0-927C20462A01}"
EndProject
Project("{9A19103F-16F7-4668-BE54-9A1E7A4F7556}") = "MetodosAbstratos", "MetodosAbstratos\MetodosAbstratos.csproj", "{30FE725E-EB92-4BD4-8DF2-C61AD880580A}"
EndProject
Project("{2150E333-8FDC-42A3-9474-1A3956D46DE8}") = "6) Tratamento de Exceções", "6) Tratamento de Exceções", "{A5E08885-D2F8-4D6D-80B3-CD8E5414D1DB}"
EndProject
Project("{9A19103F-16F7-4668-BE54-9A1E7A4F7556}") = "TryCatch", "TryCatch\TryCatch.csproj", "{51DC4CEA-D7DC-4094-88C6-E3ACC1B8247A}"
EndProject
Project("{9A19103F-16F7-4668-BE54-9A1E7A4F7556}") = "ExcecaoPersonalizadas", "ExcecaoPersonalizadas\ExcecaoPersonalizadas.csproj", "{1BFF7F1D-E687-4F70-B282-6D21B4E10809}"
EndProject
Project("{2150E333-8FDC-42A3-9474-1A3956D46DE8}") = "Xadrez", "Xadrez", "{1A684165-6109-49EF-81B2-906E9B54CAF9}"
EndProject
Project("{9A19103F-16F7-4668-BE54-9A1E7A4F7556}") = "xadrez-console", "xadrez-console\xadrez-console.csproj", "{4099F2E4-556F-4BAB-AA4B-0DA3EA50FD64}"
EndProject
Project("{2150E333-8FDC-42A3-9474-1A3956D46DE8}") = "7) Arquivos", "7) Arquivos", "{647B6088-D4A0-445E-9914-50CA9F3411CC}"
EndProject
Project("{9A19103F-16F7-4668-BE54-9A1E7A4F7556}") = "Files", "File\Files.csproj", "{0B636399-F949-42AE-9622-D5130B8287F3}"
EndProject
Project("{9A19103F-16F7-4668-BE54-9A1E7A4F7556}") = "FileStreamEReader", "FileStreamEReader\FileStreamEReader.csproj", "{514955A6-3973-47A9-86A3-211B495A696A}"
EndProject
Project("{9A19103F-16F7-4668-BE54-9A1E7A4F7556}") = "BlocoUsing", "BlocoUsing\BlocoUsing.csproj", "{D3B7931E-955E-48D3-B356-5007CAFEC9CE}"
EndProject
Project("{9A19103F-16F7-4668-BE54-9A1E7A4F7556}") = "StreamWriter1", "StreamWriter1\StreamWriter1.csproj", "{D18F98FD-8DAF-4A77-97F5-6BD66D78323D}"
EndProject
Project("{9A19103F-16F7-4668-BE54-9A1E7A4F7556}") = "DirectoryDirectoryInfo", "DirectoryDirectoryInfo\DirectoryDirectoryInfo.csproj", "{48525C93-0574-48F1-BFD7-3ECB90A2BF19}"
EndProject
Project("{2150E333-8FDC-42A3-9474-1A3956D46DE8}") = "8) Interface", "8) Interface", "{4C5FE99A-C428-4CD4-B889-0748D01BBF68}"
EndProject
Project("{FAE04EC0-301F-11D3-BF4B-00C04F79EFBC}") = "SemInterface", "SemInterface\SemInterface.csproj", "{0A91C230-D4A6-4FC9-A32C-2F4EBBBE2CA8}"
EndProject
Project("{2150E333-8FDC-42A3-9474-1A3956D46DE8}") = "Tópicos especiais Parte 2", "Tópicos especiais Parte 2", "{EC76E7B4-8DAB-4D2B-9398-6B47D51FDFB1}"
EndProject
Project("{FAE04EC0-301F-11D3-BF4B-00C04F79EFBC}") = "ExtensionMethods", "ExtensionMethods\ExtensionMethods.csproj", "{62D7F638-646E-42C1-A862-38CFD7CF2C40}"
EndProject
Project("{2150E333-8FDC-42A3-9474-1A3956D46DE8}") = "9) Generic, Set, Dictionary", "9) Generic, Set, Dictionary", "{B867EF8D-EFF1-49DC-823D-257EF0CFF271}"
EndProject
Project("{FAE04EC0-301F-11D3-BF4B-00C04F79EFBC}") = "Generics", "Generics\Generics.csproj", "{C15A292D-42D7-4A8C-A9F5-C701B02EAA87}"
EndProject
Project("{FAE04EC0-301F-11D3-BF4B-00C04F79EFBC}") = "RestricoesDeGenerics", "RestricoesDeGenerics\RestricoesDeGenerics.csproj", "{9CC21199-0F7A-40A1-8DF2-F8A5F57C5135}"
EndProject
Project("{FAE04EC0-301F-11D3-BF4B-00C04F79EFBC}") = "GetHashCodeEEquals", "GetHashCodeEEquals\GetHashCodeEEquals.csproj", "{1CB39210-3758-464A-BF51-940C695DA43F}"
EndProject
Project("{FAE04EC0-301F-11D3-BF4B-00C04F79EFBC}") = "Demo1", "Demo1\Demo1.csproj", "{333768A8-8D57-4BDF-9497-640575E2CAB9}"
EndProject
Project("{FAE04EC0-301F-11D3-BF4B-00C04F79EFBC}") = "Demo2", "Demo2\Demo2.csproj", "{23E87AEF-63AB-4C55-BAA9-C4EFA3A0FD67}"
EndProject
Project("{FAE04EC0-301F-11D3-BF4B-00C04F79EFBC}") = "HashIgualdade", "HashIgualdade\HashIgualdade.csproj", "{25C01270-41F0-4DF0-8EB3-4A8E63052D7C}"
EndProject
Project("{FAE04EC0-301F-11D3-BF4B-00C04F79EFBC}") = "ExercicioResolvidoConjuntos", "ExercicioResolvidoConjuntos\ExercicioResolvidoConjuntos.csproj", "{5670DE55-4F09-4790-9A05-47CA50514066}"
EndProject
Project("{FAE04EC0-301F-11D3-BF4B-00C04F79EFBC}") = "DictionaryESortedDictionary", "DictionaryESortedDictionary\DictionaryESortedDictionary.csproj", "{020C1ECF-73C6-4A5C-8492-BC88B864B7CA}"
EndProject
Project("{2150E333-8FDC-42A3-9474-1A3956D46DE8}") = "10) Expressões LAMBDA,Delegate, LinQ", "10) Expressões LAMBDA,Delegate, LinQ", "{C68AE7D1-FE67-4D0A-BD58-217F0C76ADF5}"
EndProject
Project("{FAE04EC0-301F-11D3-BF4B-00C04F79EFBC}") = "Lambda", "Lambda\Lambda.csproj", "{18C0E5DF-CF2D-40E1-86CC-E63D75FFE7BB}"
EndProject
Project("{FAE04EC0-301F-11D3-BF4B-00C04F79EFBC}") = "Delegate", "Delegate\Delegate.csproj", "{DB63BE61-F6F0-4B25-9E79-ABF001CBCC82}"
EndProject
Project("{FAE04EC0-301F-11D3-BF4B-00C04F79EFBC}") = "Predicate", "Predicate\Predicate.csproj", "{49EBCCDC-D1A8-4781-BA1D-78E3BB7B3E9D}"
EndProject
Project("{FAE04EC0-301F-11D3-BF4B-00C04F79EFBC}") = "Action", "Action\Action.csproj", "{B0D41228-8F69-49D6-AF21-C8761531C90D}"
EndProject
Project("{FAE04EC0-301F-11D3-BF4B-00C04F79EFBC}") = "Func", "Func\Func.csproj", "{3E8345A7-7139-4417-A40B-FCC5E85D2B6D}"
EndProject
Project("{FAE04EC0-301F-11D3-BF4B-00C04F79EFBC}") = "Linq", "Linq\Linq.csproj", "{9CB90C50-0F7F-4907-A742-B757A8E9FED1}"
EndProject
Project("{FAE04EC0-301F-11D3-BF4B-00C04F79EFBC}") = "DemoLinq", "DemoLinq\DemoLinq.csproj", "{FC9F9606-7D23-41D3-835B-F84D3E6314FA}"
EndProject
Global
	GlobalSection(SolutionConfigurationPlatforms) = preSolution
		Debug|Any CPU = Debug|Any CPU
		Release|Any CPU = Release|Any CPU
	EndGlobalSection
	GlobalSection(ProjectConfigurationPlatforms) = postSolution
		{AACD198A-0780-481A-A213-C04857FAE828}.Debug|Any CPU.ActiveCfg = Debug|Any CPU
		{AACD198A-0780-481A-A213-C04857FAE828}.Debug|Any CPU.Build.0 = Debug|Any CPU
		{AACD198A-0780-481A-A213-C04857FAE828}.Release|Any CPU.ActiveCfg = Release|Any CPU
		{AACD198A-0780-481A-A213-C04857FAE828}.Release|Any CPU.Build.0 = Release|Any CPU
		{8D9EA424-5A0C-4F33-8D49-545834FBA875}.Debug|Any CPU.ActiveCfg = Debug|Any CPU
		{8D9EA424-5A0C-4F33-8D49-545834FBA875}.Debug|Any CPU.Build.0 = Debug|Any CPU
		{8D9EA424-5A0C-4F33-8D49-545834FBA875}.Release|Any CPU.ActiveCfg = Release|Any CPU
		{8D9EA424-5A0C-4F33-8D49-545834FBA875}.Release|Any CPU.Build.0 = Release|Any CPU
		{BFEB25FC-AB8B-404F-AF7B-4F4B6B9790BE}.Debug|Any CPU.ActiveCfg = Debug|Any CPU
		{BFEB25FC-AB8B-404F-AF7B-4F4B6B9790BE}.Debug|Any CPU.Build.0 = Debug|Any CPU
		{BFEB25FC-AB8B-404F-AF7B-4F4B6B9790BE}.Release|Any CPU.ActiveCfg = Release|Any CPU
		{BFEB25FC-AB8B-404F-AF7B-4F4B6B9790BE}.Release|Any CPU.Build.0 = Release|Any CPU
		{7B0EFA6B-F9FB-4471-9B51-FD71D7E7EED5}.Debug|Any CPU.ActiveCfg = Debug|Any CPU
		{7B0EFA6B-F9FB-4471-9B51-FD71D7E7EED5}.Debug|Any CPU.Build.0 = Debug|Any CPU
		{7B0EFA6B-F9FB-4471-9B51-FD71D7E7EED5}.Release|Any CPU.ActiveCfg = Release|Any CPU
		{7B0EFA6B-F9FB-4471-9B51-FD71D7E7EED5}.Release|Any CPU.Build.0 = Release|Any CPU
		{6D780595-3F65-4769-A0AE-3FB471297517}.Debug|Any CPU.ActiveCfg = Debug|Any CPU
		{6D780595-3F65-4769-A0AE-3FB471297517}.Debug|Any CPU.Build.0 = Debug|Any CPU
		{6D780595-3F65-4769-A0AE-3FB471297517}.Release|Any CPU.ActiveCfg = Release|Any CPU
		{6D780595-3F65-4769-A0AE-3FB471297517}.Release|Any CPU.Build.0 = Release|Any CPU
		{B10DDD30-4DF5-4F0E-B395-9A862D469461}.Debug|Any CPU.ActiveCfg = Debug|Any CPU
		{B10DDD30-4DF5-4F0E-B395-9A862D469461}.Debug|Any CPU.Build.0 = Debug|Any CPU
		{B10DDD30-4DF5-4F0E-B395-9A862D469461}.Release|Any CPU.ActiveCfg = Release|Any CPU
		{B10DDD30-4DF5-4F0E-B395-9A862D469461}.Release|Any CPU.Build.0 = Release|Any CPU
		{EB6C4375-9E41-4AD3-B0D7-09A74AA6E60B}.Debug|Any CPU.ActiveCfg = Debug|Any CPU
		{EB6C4375-9E41-4AD3-B0D7-09A74AA6E60B}.Debug|Any CPU.Build.0 = Debug|Any CPU
		{EB6C4375-9E41-4AD3-B0D7-09A74AA6E60B}.Release|Any CPU.ActiveCfg = Release|Any CPU
		{EB6C4375-9E41-4AD3-B0D7-09A74AA6E60B}.Release|Any CPU.Build.0 = Release|Any CPU
		{15286D0A-F787-4DAF-A053-A40CE87D73FE}.Debug|Any CPU.ActiveCfg = Debug|Any CPU
		{15286D0A-F787-4DAF-A053-A40CE87D73FE}.Debug|Any CPU.Build.0 = Debug|Any CPU
		{15286D0A-F787-4DAF-A053-A40CE87D73FE}.Release|Any CPU.ActiveCfg = Release|Any CPU
		{15286D0A-F787-4DAF-A053-A40CE87D73FE}.Release|Any CPU.Build.0 = Release|Any CPU
		{D43B4EE6-8125-484C-A718-753C96C51418}.Debug|Any CPU.ActiveCfg = Debug|Any CPU
		{D43B4EE6-8125-484C-A718-753C96C51418}.Debug|Any CPU.Build.0 = Debug|Any CPU
		{D43B4EE6-8125-484C-A718-753C96C51418}.Release|Any CPU.ActiveCfg = Release|Any CPU
		{D43B4EE6-8125-484C-A718-753C96C51418}.Release|Any CPU.Build.0 = Release|Any CPU
		{44977A74-E365-4710-84F1-ABBA76B329B7}.Debug|Any CPU.ActiveCfg = Debug|Any CPU
		{44977A74-E365-4710-84F1-ABBA76B329B7}.Debug|Any CPU.Build.0 = Debug|Any CPU
		{44977A74-E365-4710-84F1-ABBA76B329B7}.Release|Any CPU.ActiveCfg = Release|Any CPU
		{44977A74-E365-4710-84F1-ABBA76B329B7}.Release|Any CPU.Build.0 = Release|Any CPU
		{4FD6D79E-5C89-4D0F-884F-C51ED96F69F2}.Debug|Any CPU.ActiveCfg = Debug|Any CPU
		{4FD6D79E-5C89-4D0F-884F-C51ED96F69F2}.Debug|Any CPU.Build.0 = Debug|Any CPU
		{4FD6D79E-5C89-4D0F-884F-C51ED96F69F2}.Release|Any CPU.ActiveCfg = Release|Any CPU
		{4FD6D79E-5C89-4D0F-884F-C51ED96F69F2}.Release|Any CPU.Build.0 = Release|Any CPU
		{2D0BEC61-0EAC-4B5D-A49C-82D22CC4D11D}.Debug|Any CPU.ActiveCfg = Debug|Any CPU
		{2D0BEC61-0EAC-4B5D-A49C-82D22CC4D11D}.Debug|Any CPU.Build.0 = Debug|Any CPU
		{2D0BEC61-0EAC-4B5D-A49C-82D22CC4D11D}.Release|Any CPU.ActiveCfg = Release|Any CPU
		{2D0BEC61-0EAC-4B5D-A49C-82D22CC4D11D}.Release|Any CPU.Build.0 = Release|Any CPU
		{DB070BD1-E37A-4258-BD1C-D19D70F9BADC}.Debug|Any CPU.ActiveCfg = Debug|Any CPU
		{DB070BD1-E37A-4258-BD1C-D19D70F9BADC}.Debug|Any CPU.Build.0 = Debug|Any CPU
		{DB070BD1-E37A-4258-BD1C-D19D70F9BADC}.Release|Any CPU.ActiveCfg = Release|Any CPU
		{DB070BD1-E37A-4258-BD1C-D19D70F9BADC}.Release|Any CPU.Build.0 = Release|Any CPU
		{EDA6CB0F-2C5A-48C3-8472-6F91DAAA24B9}.Debug|Any CPU.ActiveCfg = Debug|Any CPU
		{EDA6CB0F-2C5A-48C3-8472-6F91DAAA24B9}.Debug|Any CPU.Build.0 = Debug|Any CPU
		{EDA6CB0F-2C5A-48C3-8472-6F91DAAA24B9}.Release|Any CPU.ActiveCfg = Release|Any CPU
		{EDA6CB0F-2C5A-48C3-8472-6F91DAAA24B9}.Release|Any CPU.Build.0 = Release|Any CPU
		{65DF0B46-BA90-4CFD-A036-D2D570CE8E7E}.Debug|Any CPU.ActiveCfg = Debug|Any CPU
		{65DF0B46-BA90-4CFD-A036-D2D570CE8E7E}.Debug|Any CPU.Build.0 = Debug|Any CPU
		{65DF0B46-BA90-4CFD-A036-D2D570CE8E7E}.Release|Any CPU.ActiveCfg = Release|Any CPU
		{65DF0B46-BA90-4CFD-A036-D2D570CE8E7E}.Release|Any CPU.Build.0 = Release|Any CPU
		{EAFBCB19-F48A-43C0-815F-79461B6B9AD2}.Debug|Any CPU.ActiveCfg = Debug|Any CPU
		{EAFBCB19-F48A-43C0-815F-79461B6B9AD2}.Debug|Any CPU.Build.0 = Debug|Any CPU
		{EAFBCB19-F48A-43C0-815F-79461B6B9AD2}.Release|Any CPU.ActiveCfg = Release|Any CPU
		{EAFBCB19-F48A-43C0-815F-79461B6B9AD2}.Release|Any CPU.Build.0 = Release|Any CPU
		{30EFEE88-9660-47F0-A386-030D7C578712}.Debug|Any CPU.ActiveCfg = Debug|Any CPU
		{30EFEE88-9660-47F0-A386-030D7C578712}.Debug|Any CPU.Build.0 = Debug|Any CPU
		{30EFEE88-9660-47F0-A386-030D7C578712}.Release|Any CPU.ActiveCfg = Release|Any CPU
		{30EFEE88-9660-47F0-A386-030D7C578712}.Release|Any CPU.Build.0 = Release|Any CPU
		{394CB199-AE4A-47EE-87E5-AA3824FFF9BF}.Debug|Any CPU.ActiveCfg = Debug|Any CPU
		{394CB199-AE4A-47EE-87E5-AA3824FFF9BF}.Debug|Any CPU.Build.0 = Debug|Any CPU
		{394CB199-AE4A-47EE-87E5-AA3824FFF9BF}.Release|Any CPU.ActiveCfg = Release|Any CPU
		{394CB199-AE4A-47EE-87E5-AA3824FFF9BF}.Release|Any CPU.Build.0 = Release|Any CPU
		{11004BF8-9880-47C8-922F-3193653160CF}.Debug|Any CPU.ActiveCfg = Debug|Any CPU
		{11004BF8-9880-47C8-922F-3193653160CF}.Debug|Any CPU.Build.0 = Debug|Any CPU
		{11004BF8-9880-47C8-922F-3193653160CF}.Release|Any CPU.ActiveCfg = Release|Any CPU
		{11004BF8-9880-47C8-922F-3193653160CF}.Release|Any CPU.Build.0 = Release|Any CPU
		{B205CCA3-8C8E-4806-A4CD-37A4749EC0FC}.Debug|Any CPU.ActiveCfg = Debug|Any CPU
		{B205CCA3-8C8E-4806-A4CD-37A4749EC0FC}.Debug|Any CPU.Build.0 = Debug|Any CPU
		{B205CCA3-8C8E-4806-A4CD-37A4749EC0FC}.Release|Any CPU.ActiveCfg = Release|Any CPU
		{B205CCA3-8C8E-4806-A4CD-37A4749EC0FC}.Release|Any CPU.Build.0 = Release|Any CPU
		{6C771197-9850-4926-806D-924614D945D7}.Debug|Any CPU.ActiveCfg = Debug|Any CPU
		{6C771197-9850-4926-806D-924614D945D7}.Debug|Any CPU.Build.0 = Debug|Any CPU
		{6C771197-9850-4926-806D-924614D945D7}.Release|Any CPU.ActiveCfg = Release|Any CPU
		{6C771197-9850-4926-806D-924614D945D7}.Release|Any CPU.Build.0 = Release|Any CPU
		{DDC40F1D-7AB2-4F49-AB01-BF2A2F7DB10E}.Debug|Any CPU.ActiveCfg = Debug|Any CPU
		{DDC40F1D-7AB2-4F49-AB01-BF2A2F7DB10E}.Debug|Any CPU.Build.0 = Debug|Any CPU
		{DDC40F1D-7AB2-4F49-AB01-BF2A2F7DB10E}.Release|Any CPU.ActiveCfg = Release|Any CPU
		{DDC40F1D-7AB2-4F49-AB01-BF2A2F7DB10E}.Release|Any CPU.Build.0 = Release|Any CPU
		{E89A952C-2BCD-4253-BEE4-F9BE1B203DAE}.Debug|Any CPU.ActiveCfg = Debug|Any CPU
		{E89A952C-2BCD-4253-BEE4-F9BE1B203DAE}.Debug|Any CPU.Build.0 = Debug|Any CPU
		{E89A952C-2BCD-4253-BEE4-F9BE1B203DAE}.Release|Any CPU.ActiveCfg = Release|Any CPU
		{E89A952C-2BCD-4253-BEE4-F9BE1B203DAE}.Release|Any CPU.Build.0 = Release|Any CPU
		{258E27D6-7E87-4380-A88F-AAE9CAB59645}.Debug|Any CPU.ActiveCfg = Debug|Any CPU
		{258E27D6-7E87-4380-A88F-AAE9CAB59645}.Debug|Any CPU.Build.0 = Debug|Any CPU
		{258E27D6-7E87-4380-A88F-AAE9CAB59645}.Release|Any CPU.ActiveCfg = Release|Any CPU
		{258E27D6-7E87-4380-A88F-AAE9CAB59645}.Release|Any CPU.Build.0 = Release|Any CPU
		{D0F853B3-39DE-4994-B2FF-B7839BB39211}.Debug|Any CPU.ActiveCfg = Debug|Any CPU
		{D0F853B3-39DE-4994-B2FF-B7839BB39211}.Debug|Any CPU.Build.0 = Debug|Any CPU
		{D0F853B3-39DE-4994-B2FF-B7839BB39211}.Release|Any CPU.ActiveCfg = Release|Any CPU
		{D0F853B3-39DE-4994-B2FF-B7839BB39211}.Release|Any CPU.Build.0 = Release|Any CPU
		{0C1443E2-DBEA-4062-876D-6458B87DF1C4}.Debug|Any CPU.ActiveCfg = Debug|Any CPU
		{0C1443E2-DBEA-4062-876D-6458B87DF1C4}.Debug|Any CPU.Build.0 = Debug|Any CPU
		{0C1443E2-DBEA-4062-876D-6458B87DF1C4}.Release|Any CPU.ActiveCfg = Release|Any CPU
		{0C1443E2-DBEA-4062-876D-6458B87DF1C4}.Release|Any CPU.Build.0 = Release|Any CPU
		{05FF0B99-E9BC-4E9F-9975-06337200A39E}.Debug|Any CPU.ActiveCfg = Debug|Any CPU
		{05FF0B99-E9BC-4E9F-9975-06337200A39E}.Debug|Any CPU.Build.0 = Debug|Any CPU
		{05FF0B99-E9BC-4E9F-9975-06337200A39E}.Release|Any CPU.ActiveCfg = Release|Any CPU
		{05FF0B99-E9BC-4E9F-9975-06337200A39E}.Release|Any CPU.Build.0 = Release|Any CPU
		{730A9215-EF4E-41FD-B4F1-42CF2A063F65}.Debug|Any CPU.ActiveCfg = Debug|Any CPU
		{730A9215-EF4E-41FD-B4F1-42CF2A063F65}.Debug|Any CPU.Build.0 = Debug|Any CPU
		{730A9215-EF4E-41FD-B4F1-42CF2A063F65}.Release|Any CPU.ActiveCfg = Release|Any CPU
		{730A9215-EF4E-41FD-B4F1-42CF2A063F65}.Release|Any CPU.Build.0 = Release|Any CPU
		{BED73AE8-8613-4CFB-9345-509CBAD8FF7A}.Debug|Any CPU.ActiveCfg = Debug|Any CPU
		{BED73AE8-8613-4CFB-9345-509CBAD8FF7A}.Debug|Any CPU.Build.0 = Debug|Any CPU
		{BED73AE8-8613-4CFB-9345-509CBAD8FF7A}.Release|Any CPU.ActiveCfg = Release|Any CPU
		{BED73AE8-8613-4CFB-9345-509CBAD8FF7A}.Release|Any CPU.Build.0 = Release|Any CPU
		{DA91A522-CA15-42DC-8431-514A0A51658E}.Debug|Any CPU.ActiveCfg = Debug|Any CPU
		{DA91A522-CA15-42DC-8431-514A0A51658E}.Debug|Any CPU.Build.0 = Debug|Any CPU
		{DA91A522-CA15-42DC-8431-514A0A51658E}.Release|Any CPU.ActiveCfg = Release|Any CPU
		{DA91A522-CA15-42DC-8431-514A0A51658E}.Release|Any CPU.Build.0 = Release|Any CPU
		{3D1EDA77-580E-43B1-822B-B7F366E951CE}.Debug|Any CPU.ActiveCfg = Debug|Any CPU
		{3D1EDA77-580E-43B1-822B-B7F366E951CE}.Debug|Any CPU.Build.0 = Debug|Any CPU
		{3D1EDA77-580E-43B1-822B-B7F366E951CE}.Release|Any CPU.ActiveCfg = Release|Any CPU
		{3D1EDA77-580E-43B1-822B-B7F366E951CE}.Release|Any CPU.Build.0 = Release|Any CPU
		{463CF363-04CB-4BCB-938E-0D3E402F5B43}.Debug|Any CPU.ActiveCfg = Debug|Any CPU
		{463CF363-04CB-4BCB-938E-0D3E402F5B43}.Debug|Any CPU.Build.0 = Debug|Any CPU
		{463CF363-04CB-4BCB-938E-0D3E402F5B43}.Release|Any CPU.ActiveCfg = Release|Any CPU
		{463CF363-04CB-4BCB-938E-0D3E402F5B43}.Release|Any CPU.Build.0 = Release|Any CPU
		{02117B8C-26E6-4DBD-B64F-33C8FC555D6A}.Debug|Any CPU.ActiveCfg = Debug|Any CPU
		{02117B8C-26E6-4DBD-B64F-33C8FC555D6A}.Debug|Any CPU.Build.0 = Debug|Any CPU
		{02117B8C-26E6-4DBD-B64F-33C8FC555D6A}.Release|Any CPU.ActiveCfg = Release|Any CPU
		{02117B8C-26E6-4DBD-B64F-33C8FC555D6A}.Release|Any CPU.Build.0 = Release|Any CPU
		{308CE793-A1D1-4F63-968E-A2EA21FFFABC}.Debug|Any CPU.ActiveCfg = Debug|Any CPU
		{308CE793-A1D1-4F63-968E-A2EA21FFFABC}.Debug|Any CPU.Build.0 = Debug|Any CPU
		{308CE793-A1D1-4F63-968E-A2EA21FFFABC}.Release|Any CPU.ActiveCfg = Release|Any CPU
		{308CE793-A1D1-4F63-968E-A2EA21FFFABC}.Release|Any CPU.Build.0 = Release|Any CPU
		{09F772F1-BC26-448D-BF02-0140B8A7DCEE}.Debug|Any CPU.ActiveCfg = Debug|Any CPU
		{09F772F1-BC26-448D-BF02-0140B8A7DCEE}.Debug|Any CPU.Build.0 = Debug|Any CPU
		{09F772F1-BC26-448D-BF02-0140B8A7DCEE}.Release|Any CPU.ActiveCfg = Release|Any CPU
		{09F772F1-BC26-448D-BF02-0140B8A7DCEE}.Release|Any CPU.Build.0 = Release|Any CPU
		{8E49E678-CE25-40B7-BA73-FC3AF5565382}.Debug|Any CPU.ActiveCfg = Debug|Any CPU
		{8E49E678-CE25-40B7-BA73-FC3AF5565382}.Debug|Any CPU.Build.0 = Debug|Any CPU
		{8E49E678-CE25-40B7-BA73-FC3AF5565382}.Release|Any CPU.ActiveCfg = Release|Any CPU
		{8E49E678-CE25-40B7-BA73-FC3AF5565382}.Release|Any CPU.Build.0 = Release|Any CPU
		{F7BD83D5-4EA0-40FE-AB5A-41297DEA9941}.Debug|Any CPU.ActiveCfg = Debug|Any CPU
		{F7BD83D5-4EA0-40FE-AB5A-41297DEA9941}.Debug|Any CPU.Build.0 = Debug|Any CPU
		{F7BD83D5-4EA0-40FE-AB5A-41297DEA9941}.Release|Any CPU.ActiveCfg = Release|Any CPU
		{F7BD83D5-4EA0-40FE-AB5A-41297DEA9941}.Release|Any CPU.Build.0 = Release|Any CPU
		{215DCDC1-B65A-475F-AE87-FB493078E2AA}.Debug|Any CPU.ActiveCfg = Debug|Any CPU
		{215DCDC1-B65A-475F-AE87-FB493078E2AA}.Debug|Any CPU.Build.0 = Debug|Any CPU
		{215DCDC1-B65A-475F-AE87-FB493078E2AA}.Release|Any CPU.ActiveCfg = Release|Any CPU
		{215DCDC1-B65A-475F-AE87-FB493078E2AA}.Release|Any CPU.Build.0 = Release|Any CPU
		{85050D66-4ECE-41FA-8356-5D5BF5C3ED04}.Debug|Any CPU.ActiveCfg = Debug|Any CPU
		{85050D66-4ECE-41FA-8356-5D5BF5C3ED04}.Debug|Any CPU.Build.0 = Debug|Any CPU
		{85050D66-4ECE-41FA-8356-5D5BF5C3ED04}.Release|Any CPU.ActiveCfg = Release|Any CPU
		{85050D66-4ECE-41FA-8356-5D5BF5C3ED04}.Release|Any CPU.Build.0 = Release|Any CPU
		{4E3ACEEC-D460-47D2-B4F0-73C82F223198}.Debug|Any CPU.ActiveCfg = Debug|Any CPU
		{4E3ACEEC-D460-47D2-B4F0-73C82F223198}.Debug|Any CPU.Build.0 = Debug|Any CPU
		{4E3ACEEC-D460-47D2-B4F0-73C82F223198}.Release|Any CPU.ActiveCfg = Release|Any CPU
		{4E3ACEEC-D460-47D2-B4F0-73C82F223198}.Release|Any CPU.Build.0 = Release|Any CPU
		{848CFDA9-B072-46F3-A4FB-553B571BE219}.Debug|Any CPU.ActiveCfg = Debug|Any CPU
		{848CFDA9-B072-46F3-A4FB-553B571BE219}.Debug|Any CPU.Build.0 = Debug|Any CPU
		{848CFDA9-B072-46F3-A4FB-553B571BE219}.Release|Any CPU.ActiveCfg = Release|Any CPU
		{848CFDA9-B072-46F3-A4FB-553B571BE219}.Release|Any CPU.Build.0 = Release|Any CPU
		{7B483D2C-3AE0-4F0D-B741-A270170BB3AF}.Debug|Any CPU.ActiveCfg = Debug|Any CPU
		{7B483D2C-3AE0-4F0D-B741-A270170BB3AF}.Debug|Any CPU.Build.0 = Debug|Any CPU
		{7B483D2C-3AE0-4F0D-B741-A270170BB3AF}.Release|Any CPU.ActiveCfg = Release|Any CPU
		{7B483D2C-3AE0-4F0D-B741-A270170BB3AF}.Release|Any CPU.Build.0 = Release|Any CPU
		{CB76799C-345B-473B-80C0-927C20462A01}.Debug|Any CPU.ActiveCfg = Debug|Any CPU
		{CB76799C-345B-473B-80C0-927C20462A01}.Debug|Any CPU.Build.0 = Debug|Any CPU
		{CB76799C-345B-473B-80C0-927C20462A01}.Release|Any CPU.ActiveCfg = Release|Any CPU
		{CB76799C-345B-473B-80C0-927C20462A01}.Release|Any CPU.Build.0 = Release|Any CPU
		{30FE725E-EB92-4BD4-8DF2-C61AD880580A}.Debug|Any CPU.ActiveCfg = Debug|Any CPU
		{30FE725E-EB92-4BD4-8DF2-C61AD880580A}.Debug|Any CPU.Build.0 = Debug|Any CPU
		{30FE725E-EB92-4BD4-8DF2-C61AD880580A}.Release|Any CPU.ActiveCfg = Release|Any CPU
		{30FE725E-EB92-4BD4-8DF2-C61AD880580A}.Release|Any CPU.Build.0 = Release|Any CPU
		{51DC4CEA-D7DC-4094-88C6-E3ACC1B8247A}.Debug|Any CPU.ActiveCfg = Debug|Any CPU
		{51DC4CEA-D7DC-4094-88C6-E3ACC1B8247A}.Debug|Any CPU.Build.0 = Debug|Any CPU
		{51DC4CEA-D7DC-4094-88C6-E3ACC1B8247A}.Release|Any CPU.ActiveCfg = Release|Any CPU
		{51DC4CEA-D7DC-4094-88C6-E3ACC1B8247A}.Release|Any CPU.Build.0 = Release|Any CPU
		{1BFF7F1D-E687-4F70-B282-6D21B4E10809}.Debug|Any CPU.ActiveCfg = Debug|Any CPU
		{1BFF7F1D-E687-4F70-B282-6D21B4E10809}.Debug|Any CPU.Build.0 = Debug|Any CPU
		{1BFF7F1D-E687-4F70-B282-6D21B4E10809}.Release|Any CPU.ActiveCfg = Release|Any CPU
		{1BFF7F1D-E687-4F70-B282-6D21B4E10809}.Release|Any CPU.Build.0 = Release|Any CPU
		{4099F2E4-556F-4BAB-AA4B-0DA3EA50FD64}.Debug|Any CPU.ActiveCfg = Debug|Any CPU
		{4099F2E4-556F-4BAB-AA4B-0DA3EA50FD64}.Debug|Any CPU.Build.0 = Debug|Any CPU
		{4099F2E4-556F-4BAB-AA4B-0DA3EA50FD64}.Release|Any CPU.ActiveCfg = Release|Any CPU
		{4099F2E4-556F-4BAB-AA4B-0DA3EA50FD64}.Release|Any CPU.Build.0 = Release|Any CPU
		{0B636399-F949-42AE-9622-D5130B8287F3}.Debug|Any CPU.ActiveCfg = Debug|Any CPU
		{0B636399-F949-42AE-9622-D5130B8287F3}.Debug|Any CPU.Build.0 = Debug|Any CPU
		{0B636399-F949-42AE-9622-D5130B8287F3}.Release|Any CPU.ActiveCfg = Release|Any CPU
		{0B636399-F949-42AE-9622-D5130B8287F3}.Release|Any CPU.Build.0 = Release|Any CPU
		{514955A6-3973-47A9-86A3-211B495A696A}.Debug|Any CPU.ActiveCfg = Debug|Any CPU
		{514955A6-3973-47A9-86A3-211B495A696A}.Debug|Any CPU.Build.0 = Debug|Any CPU
		{514955A6-3973-47A9-86A3-211B495A696A}.Release|Any CPU.ActiveCfg = Release|Any CPU
		{514955A6-3973-47A9-86A3-211B495A696A}.Release|Any CPU.Build.0 = Release|Any CPU
		{D3B7931E-955E-48D3-B356-5007CAFEC9CE}.Debug|Any CPU.ActiveCfg = Debug|Any CPU
		{D3B7931E-955E-48D3-B356-5007CAFEC9CE}.Debug|Any CPU.Build.0 = Debug|Any CPU
		{D3B7931E-955E-48D3-B356-5007CAFEC9CE}.Release|Any CPU.ActiveCfg = Release|Any CPU
		{D3B7931E-955E-48D3-B356-5007CAFEC9CE}.Release|Any CPU.Build.0 = Release|Any CPU
		{D18F98FD-8DAF-4A77-97F5-6BD66D78323D}.Debug|Any CPU.ActiveCfg = Debug|Any CPU
		{D18F98FD-8DAF-4A77-97F5-6BD66D78323D}.Debug|Any CPU.Build.0 = Debug|Any CPU
		{D18F98FD-8DAF-4A77-97F5-6BD66D78323D}.Release|Any CPU.ActiveCfg = Release|Any CPU
		{D18F98FD-8DAF-4A77-97F5-6BD66D78323D}.Release|Any CPU.Build.0 = Release|Any CPU
		{48525C93-0574-48F1-BFD7-3ECB90A2BF19}.Debug|Any CPU.ActiveCfg = Debug|Any CPU
		{48525C93-0574-48F1-BFD7-3ECB90A2BF19}.Debug|Any CPU.Build.0 = Debug|Any CPU
		{48525C93-0574-48F1-BFD7-3ECB90A2BF19}.Release|Any CPU.ActiveCfg = Release|Any CPU
		{48525C93-0574-48F1-BFD7-3ECB90A2BF19}.Release|Any CPU.Build.0 = Release|Any CPU
		{0A91C230-D4A6-4FC9-A32C-2F4EBBBE2CA8}.Debug|Any CPU.ActiveCfg = Debug|Any CPU
		{0A91C230-D4A6-4FC9-A32C-2F4EBBBE2CA8}.Debug|Any CPU.Build.0 = Debug|Any CPU
		{0A91C230-D4A6-4FC9-A32C-2F4EBBBE2CA8}.Release|Any CPU.ActiveCfg = Release|Any CPU
		{0A91C230-D4A6-4FC9-A32C-2F4EBBBE2CA8}.Release|Any CPU.Build.0 = Release|Any CPU
		{62D7F638-646E-42C1-A862-38CFD7CF2C40}.Debug|Any CPU.ActiveCfg = Debug|Any CPU
		{62D7F638-646E-42C1-A862-38CFD7CF2C40}.Debug|Any CPU.Build.0 = Debug|Any CPU
		{62D7F638-646E-42C1-A862-38CFD7CF2C40}.Release|Any CPU.ActiveCfg = Release|Any CPU
		{62D7F638-646E-42C1-A862-38CFD7CF2C40}.Release|Any CPU.Build.0 = Release|Any CPU
		{C15A292D-42D7-4A8C-A9F5-C701B02EAA87}.Debug|Any CPU.ActiveCfg = Debug|Any CPU
		{C15A292D-42D7-4A8C-A9F5-C701B02EAA87}.Debug|Any CPU.Build.0 = Debug|Any CPU
		{C15A292D-42D7-4A8C-A9F5-C701B02EAA87}.Release|Any CPU.ActiveCfg = Release|Any CPU
		{C15A292D-42D7-4A8C-A9F5-C701B02EAA87}.Release|Any CPU.Build.0 = Release|Any CPU
		{9CC21199-0F7A-40A1-8DF2-F8A5F57C5135}.Debug|Any CPU.ActiveCfg = Debug|Any CPU
		{9CC21199-0F7A-40A1-8DF2-F8A5F57C5135}.Debug|Any CPU.Build.0 = Debug|Any CPU
		{9CC21199-0F7A-40A1-8DF2-F8A5F57C5135}.Release|Any CPU.ActiveCfg = Release|Any CPU
		{9CC21199-0F7A-40A1-8DF2-F8A5F57C5135}.Release|Any CPU.Build.0 = Release|Any CPU
		{1CB39210-3758-464A-BF51-940C695DA43F}.Debug|Any CPU.ActiveCfg = Debug|Any CPU
		{1CB39210-3758-464A-BF51-940C695DA43F}.Debug|Any CPU.Build.0 = Debug|Any CPU
		{1CB39210-3758-464A-BF51-940C695DA43F}.Release|Any CPU.ActiveCfg = Release|Any CPU
		{1CB39210-3758-464A-BF51-940C695DA43F}.Release|Any CPU.Build.0 = Release|Any CPU
		{333768A8-8D57-4BDF-9497-640575E2CAB9}.Debug|Any CPU.ActiveCfg = Debug|Any CPU
		{333768A8-8D57-4BDF-9497-640575E2CAB9}.Debug|Any CPU.Build.0 = Debug|Any CPU
		{333768A8-8D57-4BDF-9497-640575E2CAB9}.Release|Any CPU.ActiveCfg = Release|Any CPU
		{333768A8-8D57-4BDF-9497-640575E2CAB9}.Release|Any CPU.Build.0 = Release|Any CPU
		{23E87AEF-63AB-4C55-BAA9-C4EFA3A0FD67}.Debug|Any CPU.ActiveCfg = Debug|Any CPU
		{23E87AEF-63AB-4C55-BAA9-C4EFA3A0FD67}.Debug|Any CPU.Build.0 = Debug|Any CPU
		{23E87AEF-63AB-4C55-BAA9-C4EFA3A0FD67}.Release|Any CPU.ActiveCfg = Release|Any CPU
		{23E87AEF-63AB-4C55-BAA9-C4EFA3A0FD67}.Release|Any CPU.Build.0 = Release|Any CPU
		{25C01270-41F0-4DF0-8EB3-4A8E63052D7C}.Debug|Any CPU.ActiveCfg = Debug|Any CPU
		{25C01270-41F0-4DF0-8EB3-4A8E63052D7C}.Debug|Any CPU.Build.0 = Debug|Any CPU
		{25C01270-41F0-4DF0-8EB3-4A8E63052D7C}.Release|Any CPU.ActiveCfg = Release|Any CPU
		{25C01270-41F0-4DF0-8EB3-4A8E63052D7C}.Release|Any CPU.Build.0 = Release|Any CPU
		{5670DE55-4F09-4790-9A05-47CA50514066}.Debug|Any CPU.ActiveCfg = Debug|Any CPU
		{5670DE55-4F09-4790-9A05-47CA50514066}.Debug|Any CPU.Build.0 = Debug|Any CPU
		{5670DE55-4F09-4790-9A05-47CA50514066}.Release|Any CPU.ActiveCfg = Release|Any CPU
		{5670DE55-4F09-4790-9A05-47CA50514066}.Release|Any CPU.Build.0 = Release|Any CPU
		{020C1ECF-73C6-4A5C-8492-BC88B864B7CA}.Debug|Any CPU.ActiveCfg = Debug|Any CPU
		{020C1ECF-73C6-4A5C-8492-BC88B864B7CA}.Debug|Any CPU.Build.0 = Debug|Any CPU
		{020C1ECF-73C6-4A5C-8492-BC88B864B7CA}.Release|Any CPU.ActiveCfg = Release|Any CPU
		{020C1ECF-73C6-4A5C-8492-BC88B864B7CA}.Release|Any CPU.Build.0 = Release|Any CPU
		{18C0E5DF-CF2D-40E1-86CC-E63D75FFE7BB}.Debug|Any CPU.ActiveCfg = Debug|Any CPU
		{18C0E5DF-CF2D-40E1-86CC-E63D75FFE7BB}.Debug|Any CPU.Build.0 = Debug|Any CPU
		{18C0E5DF-CF2D-40E1-86CC-E63D75FFE7BB}.Release|Any CPU.ActiveCfg = Release|Any CPU
		{18C0E5DF-CF2D-40E1-86CC-E63D75FFE7BB}.Release|Any CPU.Build.0 = Release|Any CPU
		{DB63BE61-F6F0-4B25-9E79-ABF001CBCC82}.Debug|Any CPU.ActiveCfg = Debug|Any CPU
		{DB63BE61-F6F0-4B25-9E79-ABF001CBCC82}.Debug|Any CPU.Build.0 = Debug|Any CPU
		{DB63BE61-F6F0-4B25-9E79-ABF001CBCC82}.Release|Any CPU.ActiveCfg = Release|Any CPU
		{DB63BE61-F6F0-4B25-9E79-ABF001CBCC82}.Release|Any CPU.Build.0 = Release|Any CPU
		{49EBCCDC-D1A8-4781-BA1D-78E3BB7B3E9D}.Debug|Any CPU.ActiveCfg = Debug|Any CPU
		{49EBCCDC-D1A8-4781-BA1D-78E3BB7B3E9D}.Debug|Any CPU.Build.0 = Debug|Any CPU
		{49EBCCDC-D1A8-4781-BA1D-78E3BB7B3E9D}.Release|Any CPU.ActiveCfg = Release|Any CPU
		{49EBCCDC-D1A8-4781-BA1D-78E3BB7B3E9D}.Release|Any CPU.Build.0 = Release|Any CPU
		{B0D41228-8F69-49D6-AF21-C8761531C90D}.Debug|Any CPU.ActiveCfg = Debug|Any CPU
		{B0D41228-8F69-49D6-AF21-C8761531C90D}.Debug|Any CPU.Build.0 = Debug|Any CPU
		{B0D41228-8F69-49D6-AF21-C8761531C90D}.Release|Any CPU.ActiveCfg = Release|Any CPU
		{B0D41228-8F69-49D6-AF21-C8761531C90D}.Release|Any CPU.Build.0 = Release|Any CPU
		{3E8345A7-7139-4417-A40B-FCC5E85D2B6D}.Debug|Any CPU.ActiveCfg = Debug|Any CPU
		{3E8345A7-7139-4417-A40B-FCC5E85D2B6D}.Debug|Any CPU.Build.0 = Debug|Any CPU
		{3E8345A7-7139-4417-A40B-FCC5E85D2B6D}.Release|Any CPU.ActiveCfg = Release|Any CPU
		{3E8345A7-7139-4417-A40B-FCC5E85D2B6D}.Release|Any CPU.Build.0 = Release|Any CPU
		{9CB90C50-0F7F-4907-A742-B757A8E9FED1}.Debug|Any CPU.ActiveCfg = Debug|Any CPU
		{9CB90C50-0F7F-4907-A742-B757A8E9FED1}.Debug|Any CPU.Build.0 = Debug|Any CPU
		{9CB90C50-0F7F-4907-A742-B757A8E9FED1}.Release|Any CPU.ActiveCfg = Release|Any CPU
		{9CB90C50-0F7F-4907-A742-B757A8E9FED1}.Release|Any CPU.Build.0 = Release|Any CPU
		{FC9F9606-7D23-41D3-835B-F84D3E6314FA}.Debug|Any CPU.ActiveCfg = Debug|Any CPU
		{FC9F9606-7D23-41D3-835B-F84D3E6314FA}.Debug|Any CPU.Build.0 = Debug|Any CPU
		{FC9F9606-7D23-41D3-835B-F84D3E6314FA}.Release|Any CPU.ActiveCfg = Release|Any CPU
		{FC9F9606-7D23-41D3-835B-F84D3E6314FA}.Release|Any CPU.Build.0 = Release|Any CPU
	EndGlobalSection
	GlobalSection(SolutionProperties) = preSolution
		HideSolutionNode = FALSE
	EndGlobalSection
	GlobalSection(NestedProjects) = preSolution
		{AACD198A-0780-481A-A213-C04857FAE828} = {7A94D527-F01E-4240-B5AC-990613F34620}
		{8D9EA424-5A0C-4F33-8D49-545834FBA875} = {7A94D527-F01E-4240-B5AC-990613F34620}
		{BFEB25FC-AB8B-404F-AF7B-4F4B6B9790BE} = {7A94D527-F01E-4240-B5AC-990613F34620}
		{7B0EFA6B-F9FB-4471-9B51-FD71D7E7EED5} = {7A94D527-F01E-4240-B5AC-990613F34620}
		{6D780595-3F65-4769-A0AE-3FB471297517} = {D1FA6255-5D6C-4E71-9D6D-75302F94D874}
		{B10DDD30-4DF5-4F0E-B395-9A862D469461} = {87E278C8-A0EC-47C2-839C-230331A2765C}
		{EB6C4375-9E41-4AD3-B0D7-09A74AA6E60B} = {87E278C8-A0EC-47C2-839C-230331A2765C}
		{15286D0A-F787-4DAF-A053-A40CE87D73FE} = {CD849032-1F5B-45E6-BCAF-688B138EFA21}
		{D43B4EE6-8125-484C-A718-753C96C51418} = {CD849032-1F5B-45E6-BCAF-688B138EFA21}
		{44977A74-E365-4710-84F1-ABBA76B329B7} = {87E278C8-A0EC-47C2-839C-230331A2765C}
		{4FD6D79E-5C89-4D0F-884F-C51ED96F69F2} = {87E278C8-A0EC-47C2-839C-230331A2765C}
		{CD849032-1F5B-45E6-BCAF-688B138EFA21} = {87E278C8-A0EC-47C2-839C-230331A2765C}
		{2D0BEC61-0EAC-4B5D-A49C-82D22CC4D11D} = {CD849032-1F5B-45E6-BCAF-688B138EFA21}
		{DB070BD1-E37A-4258-BD1C-D19D70F9BADC} = {CD849032-1F5B-45E6-BCAF-688B138EFA21}
		{EDA6CB0F-2C5A-48C3-8472-6F91DAAA24B9} = {CD849032-1F5B-45E6-BCAF-688B138EFA21}
		{65DF0B46-BA90-4CFD-A036-D2D570CE8E7E} = {87E278C8-A0EC-47C2-839C-230331A2765C}
		{EAFBCB19-F48A-43C0-815F-79461B6B9AD2} = {E323435A-BE2C-4A1E-8F1C-A8FB47508358}
		{30EFEE88-9660-47F0-A386-030D7C578712} = {E323435A-BE2C-4A1E-8F1C-A8FB47508358}
		{394CB199-AE4A-47EE-87E5-AA3824FFF9BF} = {E323435A-BE2C-4A1E-8F1C-A8FB47508358}
		{1EF14495-BEE6-4378-8E98-EA0836DF8174} = {E323435A-BE2C-4A1E-8F1C-A8FB47508358}
		{11004BF8-9880-47C8-922F-3193653160CF} = {1EF14495-BEE6-4378-8E98-EA0836DF8174}
		{D1FA6255-5D6C-4E71-9D6D-75302F94D874} = {7A94D527-F01E-4240-B5AC-990613F34620}
		{B205CCA3-8C8E-4806-A4CD-37A4749EC0FC} = {7A94D527-F01E-4240-B5AC-990613F34620}
		{6C771197-9850-4926-806D-924614D945D7} = {7A94D527-F01E-4240-B5AC-990613F34620}
		{DDC40F1D-7AB2-4F49-AB01-BF2A2F7DB10E} = {7A94D527-F01E-4240-B5AC-990613F34620}
		{E89A952C-2BCD-4253-BEE4-F9BE1B203DAE} = {7A94D527-F01E-4240-B5AC-990613F34620}
		{258E27D6-7E87-4380-A88F-AAE9CAB59645} = {7A94D527-F01E-4240-B5AC-990613F34620}
		{D0F853B3-39DE-4994-B2FF-B7839BB39211} = {D1FA6255-5D6C-4E71-9D6D-75302F94D874}
		{0C1443E2-DBEA-4062-876D-6458B87DF1C4} = {7A94D527-F01E-4240-B5AC-990613F34620}
		{05FF0B99-E9BC-4E9F-9975-06337200A39E} = {7A94D527-F01E-4240-B5AC-990613F34620}
		{730A9215-EF4E-41FD-B4F1-42CF2A063F65} = {D1FA6255-5D6C-4E71-9D6D-75302F94D874}
		{BED73AE8-8613-4CFB-9345-509CBAD8FF7A} = {7A94D527-F01E-4240-B5AC-990613F34620}
		{DA91A522-CA15-42DC-8431-514A0A51658E} = {40EA8623-D417-4B59-B28C-DCC14EAEFA2C}
		{3D1EDA77-580E-43B1-822B-B7F366E951CE} = {40EA8623-D417-4B59-B28C-DCC14EAEFA2C}
		{463CF363-04CB-4BCB-938E-0D3E402F5B43} = {40EA8623-D417-4B59-B28C-DCC14EAEFA2C}
		{02117B8C-26E6-4DBD-B64F-33C8FC555D6A} = {40EA8623-D417-4B59-B28C-DCC14EAEFA2C}
		{308CE793-A1D1-4F63-968E-A2EA21FFFABC} = {40EA8623-D417-4B59-B28C-DCC14EAEFA2C}
		{09F772F1-BC26-448D-BF02-0140B8A7DCEE} = {40EA8623-D417-4B59-B28C-DCC14EAEFA2C}
		{8E49E678-CE25-40B7-BA73-FC3AF5565382} = {87ED8F9E-4B7D-4131-B7B5-7AB51C77FB3A}
		{F7BD83D5-4EA0-40FE-AB5A-41297DEA9941} = {87ED8F9E-4B7D-4131-B7B5-7AB51C77FB3A}
		{215DCDC1-B65A-475F-AE87-FB493078E2AA} = {87ED8F9E-4B7D-4131-B7B5-7AB51C77FB3A}
		{85050D66-4ECE-41FA-8356-5D5BF5C3ED04} = {3887ECA8-1487-44CB-97DA-D0AAAD4C4187}
		{4E3ACEEC-D460-47D2-B4F0-73C82F223198} = {3887ECA8-1487-44CB-97DA-D0AAAD4C4187}
		{848CFDA9-B072-46F3-A4FB-553B571BE219} = {3887ECA8-1487-44CB-97DA-D0AAAD4C4187}
		{7B483D2C-3AE0-4F0D-B741-A270170BB3AF} = {3887ECA8-1487-44CB-97DA-D0AAAD4C4187}
		{3CA68F3D-68B5-42A3-99C5-89DD97F7EB42} = {3887ECA8-1487-44CB-97DA-D0AAAD4C4187}
		{CB76799C-345B-473B-80C0-927C20462A01} = {3CA68F3D-68B5-42A3-99C5-89DD97F7EB42}
		{30FE725E-EB92-4BD4-8DF2-C61AD880580A} = {3887ECA8-1487-44CB-97DA-D0AAAD4C4187}
		{51DC4CEA-D7DC-4094-88C6-E3ACC1B8247A} = {A5E08885-D2F8-4D6D-80B3-CD8E5414D1DB}
		{1BFF7F1D-E687-4F70-B282-6D21B4E10809} = {A5E08885-D2F8-4D6D-80B3-CD8E5414D1DB}
		{4099F2E4-556F-4BAB-AA4B-0DA3EA50FD64} = {1A684165-6109-49EF-81B2-906E9B54CAF9}
		{0B636399-F949-42AE-9622-D5130B8287F3} = {647B6088-D4A0-445E-9914-50CA9F3411CC}
		{514955A6-3973-47A9-86A3-211B495A696A} = {647B6088-D4A0-445E-9914-50CA9F3411CC}
		{D3B7931E-955E-48D3-B356-5007CAFEC9CE} = {647B6088-D4A0-445E-9914-50CA9F3411CC}
		{D18F98FD-8DAF-4A77-97F5-6BD66D78323D} = {647B6088-D4A0-445E-9914-50CA9F3411CC}
		{48525C93-0574-48F1-BFD7-3ECB90A2BF19} = {647B6088-D4A0-445E-9914-50CA9F3411CC}
		{0A91C230-D4A6-4FC9-A32C-2F4EBBBE2CA8} = {4C5FE99A-C428-4CD4-B889-0748D01BBF68}
		{62D7F638-646E-42C1-A862-38CFD7CF2C40} = {EC76E7B4-8DAB-4D2B-9398-6B47D51FDFB1}
		{C15A292D-42D7-4A8C-A9F5-C701B02EAA87} = {B867EF8D-EFF1-49DC-823D-257EF0CFF271}
		{9CC21199-0F7A-40A1-8DF2-F8A5F57C5135} = {B867EF8D-EFF1-49DC-823D-257EF0CFF271}
		{1CB39210-3758-464A-BF51-940C695DA43F} = {B867EF8D-EFF1-49DC-823D-257EF0CFF271}
		{333768A8-8D57-4BDF-9497-640575E2CAB9} = {B867EF8D-EFF1-49DC-823D-257EF0CFF271}
		{23E87AEF-63AB-4C55-BAA9-C4EFA3A0FD67} = {B867EF8D-EFF1-49DC-823D-257EF0CFF271}
		{25C01270-41F0-4DF0-8EB3-4A8E63052D7C} = {B867EF8D-EFF1-49DC-823D-257EF0CFF271}
		{5670DE55-4F09-4790-9A05-47CA50514066} = {B867EF8D-EFF1-49DC-823D-257EF0CFF271}
		{020C1ECF-73C6-4A5C-8492-BC88B864B7CA} = {B867EF8D-EFF1-49DC-823D-257EF0CFF271}
		{18C0E5DF-CF2D-40E1-86CC-E63D75FFE7BB} = {C68AE7D1-FE67-4D0A-BD58-217F0C76ADF5}
		{DB63BE61-F6F0-4B25-9E79-ABF001CBCC82} = {C68AE7D1-FE67-4D0A-BD58-217F0C76ADF5}
		{49EBCCDC-D1A8-4781-BA1D-78E3BB7B3E9D} = {C68AE7D1-FE67-4D0A-BD58-217F0C76ADF5}
		{B0D41228-8F69-49D6-AF21-C8761531C90D} = {C68AE7D1-FE67-4D0A-BD58-217F0C76ADF5}
		{3E8345A7-7139-4417-A40B-FCC5E85D2B6D} = {C68AE7D1-FE67-4D0A-BD58-217F0C76ADF5}
		{9CB90C50-0F7F-4907-A742-B757A8E9FED1} = {C68AE7D1-FE67-4D0A-BD58-217F0C76ADF5}
		{FC9F9606-7D23-41D3-835B-F84D3E6314FA} = {C68AE7D1-FE67-4D0A-BD58-217F0C76ADF5}
	EndGlobalSection
	GlobalSection(ExtensibilityGlobals) = postSolution
		SolutionGuid = {475CEA6A-83C4-4583-A28A-A787C39CC1E0}
	EndGlobalSection
EndGlobal
